// !$*UTF8*$!
{
	archiveVersion = 1;
	classes = {
	};
	objectVersion = 56;
	objects = {

/* Begin PBXBuildFile section */
		0A00553B2924E5CF00802F40 /* User.swift in Sources */ = {isa = PBXBuildFile; fileRef = 0A00553A2924E5CE00802F40 /* User.swift */; };
		0A229CEA2B085CB8003C149F /* CoreUI in Frameworks */ = {isa = PBXBuildFile; productRef = 0A229CE92B085CB8003C149F /* CoreUI */; };
		0A3184AA2AB9704F00C4A9D1 /* GoogleService-Info.plist in Resources */ = {isa = PBXBuildFile; fileRef = 0A3184A92AB9704F00C4A9D1 /* GoogleService-Info.plist */; };
		0A421CFD2B00AEF10061D3FF /* AppDelegate.swift in Sources */ = {isa = PBXBuildFile; fileRef = 0A421CFC2B00AEF10061D3FF /* AppDelegate.swift */; };
		0A421CFF2B00AEF10061D3FF /* SceneDelegate.swift in Sources */ = {isa = PBXBuildFile; fileRef = 0A421CFE2B00AEF10061D3FF /* SceneDelegate.swift */; };
		0A421D012B00AEF10061D3FF /* ViewController.swift in Sources */ = {isa = PBXBuildFile; fileRef = 0A421D002B00AEF10061D3FF /* ViewController.swift */; };
		0A421D042B00AEF10061D3FF /* Main.storyboard in Resources */ = {isa = PBXBuildFile; fileRef = 0A421D022B00AEF10061D3FF /* Main.storyboard */; };
		0A421D062B00AEF20061D3FF /* Assets.xcassets in Resources */ = {isa = PBXBuildFile; fileRef = 0A421D052B00AEF20061D3FF /* Assets.xcassets */; };
		0A421D092B00AEF20061D3FF /* LaunchScreen.storyboard in Resources */ = {isa = PBXBuildFile; fileRef = 0A421D072B00AEF20061D3FF /* LaunchScreen.storyboard */; };
		0A421D142B00AEF20061D3FF /* BookdeScenarioTests.swift in Sources */ = {isa = PBXBuildFile; fileRef = 0A421D132B00AEF20061D3FF /* BookdeScenarioTests.swift */; };
		0A421D1E2B00AEF30061D3FF /* BookdeScenarioUITests.swift in Sources */ = {isa = PBXBuildFile; fileRef = 0A421D1D2B00AEF30061D3FF /* BookdeScenarioUITests.swift */; };
		0A421D202B00AEF30061D3FF /* BookdeScenarioUITestsLaunchTests.swift in Sources */ = {isa = PBXBuildFile; fileRef = 0A421D1F2B00AEF30061D3FF /* BookdeScenarioUITestsLaunchTests.swift */; };
		0A421D2B2B00AF010061D3FF /* AppFlow in Frameworks */ = {isa = PBXBuildFile; productRef = 0A421D2A2B00AF010061D3FF /* AppFlow */; };
		0A5785CA2921E83000E92026 /* BookdeApp.swift in Sources */ = {isa = PBXBuildFile; fileRef = 0A5785C92921E83000E92026 /* BookdeApp.swift */; };
		0A5785CE2921E83100E92026 /* Assets.xcassets in Resources */ = {isa = PBXBuildFile; fileRef = 0A5785CD2921E83100E92026 /* Assets.xcassets */; };
		0A5785D12921E83100E92026 /* Preview Assets.xcassets in Resources */ = {isa = PBXBuildFile; fileRef = 0A5785D02921E83100E92026 /* Preview Assets.xcassets */; };
		0A5785DB2921E83100E92026 /* BookdeTests.swift in Sources */ = {isa = PBXBuildFile; fileRef = 0A5785DA2921E83100E92026 /* BookdeTests.swift */; };
		0A5785E52921E83200E92026 /* BookdeUITests.swift in Sources */ = {isa = PBXBuildFile; fileRef = 0A5785E42921E83200E92026 /* BookdeUITests.swift */; };
		0A5785E72921E83200E92026 /* BookdeUITestsLaunchTests.swift in Sources */ = {isa = PBXBuildFile; fileRef = 0A5785E62921E83200E92026 /* BookdeUITestsLaunchTests.swift */; };
		0A5785F52921E87200E92026 /* LoginScreen.swift in Sources */ = {isa = PBXBuildFile; fileRef = 0A5785F42921E87200E92026 /* LoginScreen.swift */; };
		0A5785FE2922222C00E92026 /* landmarkData.json in Resources */ = {isa = PBXBuildFile; fileRef = 0A5785FD2922222C00E92026 /* landmarkData.json */; };
		0A5786012922229E00E92026 /* ModelData.swift in Sources */ = {isa = PBXBuildFile; fileRef = 0A5786002922229E00E92026 /* ModelData.swift */; };
		0A5786052922233000E92026 /* LandMark.swift in Sources */ = {isa = PBXBuildFile; fileRef = 0A5786042922233000E92026 /* LandMark.swift */; };
		0A9157272AF0FB7A0058D938 /* AppFlow in Frameworks */ = {isa = PBXBuildFile; productRef = 0A9157262AF0FB7A0058D938 /* AppFlow */; };
		0ADD642E2A8BDF2C00C7BB60 /* AppFactory.swift in Sources */ = {isa = PBXBuildFile; fileRef = 0ADD642D2A8BDF2C00C7BB60 /* AppFactory.swift */; };
		0ADD64302A8BDF6D00C7BB60 /* Coordinator.swift in Sources */ = {isa = PBXBuildFile; fileRef = 0ADD642F2A8BDF6D00C7BB60 /* Coordinator.swift */; };
		0ADD64322A8BDFA800C7BB60 /* HomeFactory.swift in Sources */ = {isa = PBXBuildFile; fileRef = 0ADD64312A8BDFA800C7BB60 /* HomeFactory.swift */; };
		0ADD64342A8CD21100C7BB60 /* SceneDelegate.swift in Sources */ = {isa = PBXBuildFile; fileRef = 0ADD64332A8CD21100C7BB60 /* SceneDelegate.swift */; };
		0ADD64362A8CD31A00C7BB60 /* AppCoordinator.swift in Sources */ = {isa = PBXBuildFile; fileRef = 0ADD64352A8CD31A00C7BB60 /* AppCoordinator.swift */; };
		0ADD64382A8CD9F200C7BB60 /* AppDelegate.swift in Sources */ = {isa = PBXBuildFile; fileRef = 0ADD64372A8CD9F200C7BB60 /* AppDelegate.swift */; };
		0ADD643A2A8CDBFE00C7BB60 /* HomeCoordinator.swift in Sources */ = {isa = PBXBuildFile; fileRef = 0ADD64392A8CDBFE00C7BB60 /* HomeCoordinator.swift */; };
		0AE5CA772A39CB6F00685FFE /* DBLocalNetwork.swift in Sources */ = {isa = PBXBuildFile; fileRef = 0AE5CA762A39CB6F00685FFE /* DBLocalNetwork.swift */; };
/* End PBXBuildFile section */

/* Begin PBXContainerItemProxy section */
		0A421D102B00AEF20061D3FF /* PBXContainerItemProxy */ = {
			isa = PBXContainerItemProxy;
			containerPortal = 0A5785BE2921E83000E92026 /* Project object */;
			proxyType = 1;
			remoteGlobalIDString = 0A421CF92B00AEF10061D3FF;
			remoteInfo = BookdeScenario;
		};
		0A421D1A2B00AEF30061D3FF /* PBXContainerItemProxy */ = {
			isa = PBXContainerItemProxy;
			containerPortal = 0A5785BE2921E83000E92026 /* Project object */;
			proxyType = 1;
			remoteGlobalIDString = 0A421CF92B00AEF10061D3FF;
			remoteInfo = BookdeScenario;
		};
		0A5785D72921E83100E92026 /* PBXContainerItemProxy */ = {
			isa = PBXContainerItemProxy;
			containerPortal = 0A5785BE2921E83000E92026 /* Project object */;
			proxyType = 1;
			remoteGlobalIDString = 0A5785C52921E83000E92026;
			remoteInfo = Bookde;
		};
		0A5785E12921E83200E92026 /* PBXContainerItemProxy */ = {
			isa = PBXContainerItemProxy;
			containerPortal = 0A5785BE2921E83000E92026 /* Project object */;
			proxyType = 1;
			remoteGlobalIDString = 0A5785C52921E83000E92026;
			remoteInfo = Bookde;
		};
/* End PBXContainerItemProxy section */

/* Begin PBXFileReference section */
		0A00553A2924E5CE00802F40 /* User.swift */ = {isa = PBXFileReference; lastKnownFileType = sourcecode.swift; path = User.swift; sourceTree = "<group>"; };
		0A00CBC82AF00A9F00881A39 /* Loger */ = {isa = PBXFileReference; lastKnownFileType = wrapper; name = Loger; path = ../../../../Loger; sourceTree = "<group>"; };
		0A3184A92AB9704F00C4A9D1 /* GoogleService-Info.plist */ = {isa = PBXFileReference; fileEncoding = 4; lastKnownFileType = text.plist.xml; name = "GoogleService-Info.plist"; path = "../../../Downloads/GoogleService-Info.plist"; sourceTree = "<group>"; };
		0A3184AB2AB9F34A00C4A9D1 /* MessageCenter */ = {isa = PBXFileReference; lastKnownFileType = wrapper; path = MessageCenter; sourceTree = "<group>"; };
		0A421CFA2B00AEF10061D3FF /* BookdeScenario.app */ = {isa = PBXFileReference; explicitFileType = wrapper.application; includeInIndex = 0; path = BookdeScenario.app; sourceTree = BUILT_PRODUCTS_DIR; };
		0A421CFC2B00AEF10061D3FF /* AppDelegate.swift */ = {isa = PBXFileReference; lastKnownFileType = sourcecode.swift; path = AppDelegate.swift; sourceTree = "<group>"; };
		0A421CFE2B00AEF10061D3FF /* SceneDelegate.swift */ = {isa = PBXFileReference; lastKnownFileType = sourcecode.swift; path = SceneDelegate.swift; sourceTree = "<group>"; };
		0A421D002B00AEF10061D3FF /* ViewController.swift */ = {isa = PBXFileReference; lastKnownFileType = sourcecode.swift; path = ViewController.swift; sourceTree = "<group>"; };
		0A421D032B00AEF10061D3FF /* Base */ = {isa = PBXFileReference; lastKnownFileType = file.storyboard; name = Base; path = Base.lproj/Main.storyboard; sourceTree = "<group>"; };
		0A421D052B00AEF20061D3FF /* Assets.xcassets */ = {isa = PBXFileReference; lastKnownFileType = folder.assetcatalog; path = Assets.xcassets; sourceTree = "<group>"; };
		0A421D082B00AEF20061D3FF /* Base */ = {isa = PBXFileReference; lastKnownFileType = file.storyboard; name = Base; path = Base.lproj/LaunchScreen.storyboard; sourceTree = "<group>"; };
		0A421D0A2B00AEF20061D3FF /* Info.plist */ = {isa = PBXFileReference; lastKnownFileType = text.plist.xml; path = Info.plist; sourceTree = "<group>"; };
		0A421D0F2B00AEF20061D3FF /* BookdeScenarioTests.xctest */ = {isa = PBXFileReference; explicitFileType = wrapper.cfbundle; includeInIndex = 0; path = BookdeScenarioTests.xctest; sourceTree = BUILT_PRODUCTS_DIR; };
		0A421D132B00AEF20061D3FF /* BookdeScenarioTests.swift */ = {isa = PBXFileReference; lastKnownFileType = sourcecode.swift; path = BookdeScenarioTests.swift; sourceTree = "<group>"; };
		0A421D192B00AEF20061D3FF /* BookdeScenarioUITests.xctest */ = {isa = PBXFileReference; explicitFileType = wrapper.cfbundle; includeInIndex = 0; path = BookdeScenarioUITests.xctest; sourceTree = BUILT_PRODUCTS_DIR; };
		0A421D1D2B00AEF30061D3FF /* BookdeScenarioUITests.swift */ = {isa = PBXFileReference; lastKnownFileType = sourcecode.swift; path = BookdeScenarioUITests.swift; sourceTree = "<group>"; };
		0A421D1F2B00AEF30061D3FF /* BookdeScenarioUITestsLaunchTests.swift */ = {isa = PBXFileReference; lastKnownFileType = sourcecode.swift; path = BookdeScenarioUITestsLaunchTests.swift; sourceTree = "<group>"; };
		0A44E4E72AAC7637002FF450 /* DBCore */ = {isa = PBXFileReference; lastKnownFileType = wrapper; path = DBCore; sourceTree = "<group>"; };
		0A47A2002A3C6EB600E9A4B1 /* Authenticate */ = {isa = PBXFileReference; lastKnownFileType = text; path = Authenticate; sourceTree = SOURCE_ROOT; };
		0A4A44372A839E7A00D0AA82 /* DBService */ = {isa = PBXFileReference; lastKnownFileType = text; path = DBService; sourceTree = SOURCE_ROOT; };
		0A5785C62921E83000E92026 /* Bookde.app */ = {isa = PBXFileReference; explicitFileType = wrapper.application; includeInIndex = 0; path = Bookde.app; sourceTree = BUILT_PRODUCTS_DIR; };
		0A5785C92921E83000E92026 /* BookdeApp.swift */ = {isa = PBXFileReference; lastKnownFileType = sourcecode.swift; path = BookdeApp.swift; sourceTree = "<group>"; };
		0A5785CD2921E83100E92026 /* Assets.xcassets */ = {isa = PBXFileReference; lastKnownFileType = folder.assetcatalog; path = Assets.xcassets; sourceTree = "<group>"; };
		0A5785D02921E83100E92026 /* Preview Assets.xcassets */ = {isa = PBXFileReference; lastKnownFileType = folder.assetcatalog; path = "Preview Assets.xcassets"; sourceTree = "<group>"; };
		0A5785D62921E83100E92026 /* BookdeTests.xctest */ = {isa = PBXFileReference; explicitFileType = wrapper.cfbundle; includeInIndex = 0; path = BookdeTests.xctest; sourceTree = BUILT_PRODUCTS_DIR; };
		0A5785DA2921E83100E92026 /* BookdeTests.swift */ = {isa = PBXFileReference; lastKnownFileType = sourcecode.swift; path = BookdeTests.swift; sourceTree = "<group>"; };
		0A5785E02921E83200E92026 /* BookdeUITests.xctest */ = {isa = PBXFileReference; explicitFileType = wrapper.cfbundle; includeInIndex = 0; path = BookdeUITests.xctest; sourceTree = BUILT_PRODUCTS_DIR; };
		0A5785E42921E83200E92026 /* BookdeUITests.swift */ = {isa = PBXFileReference; lastKnownFileType = sourcecode.swift; path = BookdeUITests.swift; sourceTree = "<group>"; };
		0A5785E62921E83200E92026 /* BookdeUITestsLaunchTests.swift */ = {isa = PBXFileReference; lastKnownFileType = sourcecode.swift; path = BookdeUITestsLaunchTests.swift; sourceTree = "<group>"; };
		0A5785F42921E87200E92026 /* LoginScreen.swift */ = {isa = PBXFileReference; lastKnownFileType = sourcecode.swift; path = LoginScreen.swift; sourceTree = "<group>"; };
		0A5785FD2922222C00E92026 /* landmarkData.json */ = {isa = PBXFileReference; fileEncoding = 4; lastKnownFileType = text.json; path = landmarkData.json; sourceTree = "<group>"; };
		0A5786002922229E00E92026 /* ModelData.swift */ = {isa = PBXFileReference; lastKnownFileType = sourcecode.swift; path = ModelData.swift; sourceTree = "<group>"; };
		0A5786042922233000E92026 /* LandMark.swift */ = {isa = PBXFileReference; lastKnownFileType = sourcecode.swift; path = LandMark.swift; sourceTree = "<group>"; };
		0A9AFD462AEB65F100305F45 /* CoreUI */ = {isa = PBXFileReference; lastKnownFileType = wrapper; name = CoreUI; path = ../../../../CoreUI; sourceTree = "<group>"; };
		0AC3D7212B02DF9600854AF6 /* AppFlow */ = {isa = PBXFileReference; lastKnownFileType = text; path = AppFlow; sourceTree = SOURCE_ROOT; };
		0ADD642D2A8BDF2C00C7BB60 /* AppFactory.swift */ = {isa = PBXFileReference; lastKnownFileType = sourcecode.swift; path = AppFactory.swift; sourceTree = "<group>"; };
		0ADD642F2A8BDF6D00C7BB60 /* Coordinator.swift */ = {isa = PBXFileReference; lastKnownFileType = sourcecode.swift; path = Coordinator.swift; sourceTree = "<group>"; };
		0ADD64312A8BDFA800C7BB60 /* HomeFactory.swift */ = {isa = PBXFileReference; lastKnownFileType = sourcecode.swift; path = HomeFactory.swift; sourceTree = "<group>"; };
		0ADD64332A8CD21100C7BB60 /* SceneDelegate.swift */ = {isa = PBXFileReference; lastKnownFileType = sourcecode.swift; path = SceneDelegate.swift; sourceTree = "<group>"; };
		0ADD64352A8CD31A00C7BB60 /* AppCoordinator.swift */ = {isa = PBXFileReference; lastKnownFileType = sourcecode.swift; path = AppCoordinator.swift; sourceTree = "<group>"; };
		0ADD64372A8CD9F200C7BB60 /* AppDelegate.swift */ = {isa = PBXFileReference; lastKnownFileType = sourcecode.swift; path = AppDelegate.swift; sourceTree = "<group>"; };
		0ADD64392A8CDBFE00C7BB60 /* HomeCoordinator.swift */ = {isa = PBXFileReference; lastKnownFileType = sourcecode.swift; path = HomeCoordinator.swift; sourceTree = "<group>"; };
		0AE367082B028C5F00CDC219 /* TestSupport */ = {isa = PBXFileReference; lastKnownFileType = wrapper; name = TestSupport; path = ../../../../movie_challenge/TestSupport; sourceTree = "<group>"; };
		0AE5CA6F2A372E9800685FFE /* Onboarding */ = {isa = PBXFileReference; lastKnownFileType = text; path = Onboarding; sourceTree = SOURCE_ROOT; };
		0AE5CA732A3739E100685FFE /* Home */ = {isa = PBXFileReference; lastKnownFileType = text; path = Home; sourceTree = SOURCE_ROOT; };
		0AE5CA762A39CB6F00685FFE /* DBLocalNetwork.swift */ = {isa = PBXFileReference; lastKnownFileType = sourcecode.swift; path = DBLocalNetwork.swift; sourceTree = "<group>"; };
/* End PBXFileReference section */

/* Begin PBXFrameworksBuildPhase section */
		0A421CF72B00AEF10061D3FF /* Frameworks */ = {
			isa = PBXFrameworksBuildPhase;
			buildActionMask = 2147483647;
			files = (
				0A421D2B2B00AF010061D3FF /* AppFlow in Frameworks */,
			);
			runOnlyForDeploymentPostprocessing = 0;
		};
		0A421D0C2B00AEF20061D3FF /* Frameworks */ = {
			isa = PBXFrameworksBuildPhase;
			buildActionMask = 2147483647;
			files = (
			);
			runOnlyForDeploymentPostprocessing = 0;
		};
		0A421D162B00AEF20061D3FF /* Frameworks */ = {
			isa = PBXFrameworksBuildPhase;
			buildActionMask = 2147483647;
			files = (
			);
			runOnlyForDeploymentPostprocessing = 0;
		};
		0A5785C32921E83000E92026 /* Frameworks */ = {
			isa = PBXFrameworksBuildPhase;
			buildActionMask = 2147483647;
			files = (
				0A9157272AF0FB7A0058D938 /* AppFlow in Frameworks */,
				0A229CEA2B085CB8003C149F /* CoreUI in Frameworks */,
			);
			runOnlyForDeploymentPostprocessing = 0;
		};
		0A5785D32921E83100E92026 /* Frameworks */ = {
			isa = PBXFrameworksBuildPhase;
			buildActionMask = 2147483647;
			files = (
			);
			runOnlyForDeploymentPostprocessing = 0;
		};
		0A5785DD2921E83200E92026 /* Frameworks */ = {
			isa = PBXFrameworksBuildPhase;
			buildActionMask = 2147483647;
			files = (
			);
			runOnlyForDeploymentPostprocessing = 0;
		};
/* End PBXFrameworksBuildPhase section */

/* Begin PBXGroup section */
		0A38B3432AE6D0B000FC986D /* Product */ = {
			isa = PBXGroup;
			children = (
				0AC3D7212B02DF9600854AF6 /* AppFlow */,
			);
			path = Product;
			sourceTree = "<group>";
		};
		0A421CFB2B00AEF10061D3FF /* BookdeScenario */ = {
			isa = PBXGroup;
			children = (
				0A421CFC2B00AEF10061D3FF /* AppDelegate.swift */,
				0A421CFE2B00AEF10061D3FF /* SceneDelegate.swift */,
				0A421D002B00AEF10061D3FF /* ViewController.swift */,
				0A421D022B00AEF10061D3FF /* Main.storyboard */,
				0A421D052B00AEF20061D3FF /* Assets.xcassets */,
				0A421D072B00AEF20061D3FF /* LaunchScreen.storyboard */,
				0A421D0A2B00AEF20061D3FF /* Info.plist */,
			);
			path = BookdeScenario;
			sourceTree = "<group>";
		};
		0A421D122B00AEF20061D3FF /* BookdeScenarioTests */ = {
			isa = PBXGroup;
			children = (
				0A421D132B00AEF20061D3FF /* BookdeScenarioTests.swift */,
			);
			path = BookdeScenarioTests;
			sourceTree = "<group>";
		};
		0A421D1C2B00AEF30061D3FF /* BookdeScenarioUITests */ = {
			isa = PBXGroup;
			children = (
				0A421D1D2B00AEF30061D3FF /* BookdeScenarioUITests.swift */,
				0A421D1F2B00AEF30061D3FF /* BookdeScenarioUITestsLaunchTests.swift */,
			);
			path = BookdeScenarioUITests;
			sourceTree = "<group>";
		};
		0A47A2012A3C730200E9A4B1 /* Foundation */ = {
			isa = PBXGroup;
			children = (
			);
			path = Foundation;
			sourceTree = "<group>";
		};
		0A5785BD2921E83000E92026 = {
			isa = PBXGroup;
			children = (
				0A5785C82921E83000E92026 /* Bookde */,
				0A5785D92921E83100E92026 /* BookdeTests */,
				0A5785E32921E83200E92026 /* BookdeUITests */,
				0A421CFB2B00AEF10061D3FF /* BookdeScenario */,
				0A421D122B00AEF20061D3FF /* BookdeScenarioTests */,
				0A421D1C2B00AEF30061D3FF /* BookdeScenarioUITests */,
				0A5785C72921E83000E92026 /* Products */,
				0AE5CA702A3736A900685FFE /* Frameworks */,
			);
			sourceTree = "<group>";
		};
		0A5785C72921E83000E92026 /* Products */ = {
			isa = PBXGroup;
			children = (
				0A5785C62921E83000E92026 /* Bookde.app */,
				0A5785D62921E83100E92026 /* BookdeTests.xctest */,
				0A5785E02921E83200E92026 /* BookdeUITests.xctest */,
				0A421CFA2B00AEF10061D3FF /* BookdeScenario.app */,
				0A421D0F2B00AEF20061D3FF /* BookdeScenarioTests.xctest */,
				0A421D192B00AEF20061D3FF /* BookdeScenarioUITests.xctest */,
			);
			name = Products;
			sourceTree = "<group>";
		};
		0A5785C82921E83000E92026 /* Bookde */ = {
			isa = PBXGroup;
			children = (
				0AE367072B028BCE00CDC219 /* TestSuport */,
				0A38B3432AE6D0B000FC986D /* Product */,
				0A47A2012A3C730200E9A4B1 /* Foundation */,
				0A5785FC292221D400E92026 /* Resources */,
				0A5785F32921E84300E92026 /* Feature */,
				0AE5CA752A39CAD800685FFE /* Cores */,
				0A5785C92921E83000E92026 /* BookdeApp.swift */,
				0ADD64332A8CD21100C7BB60 /* SceneDelegate.swift */,
				0ADD64372A8CD9F200C7BB60 /* AppDelegate.swift */,
				0A5785CD2921E83100E92026 /* Assets.xcassets */,
				0A5785CF2921E83100E92026 /* Preview Content */,
				0ADD642D2A8BDF2C00C7BB60 /* AppFactory.swift */,
				0ADD642F2A8BDF6D00C7BB60 /* Coordinator.swift */,
				0A3184A92AB9704F00C4A9D1 /* GoogleService-Info.plist */,
				0ADD64312A8BDFA800C7BB60 /* HomeFactory.swift */,
				0ADD64352A8CD31A00C7BB60 /* AppCoordinator.swift */,
				0ADD64392A8CDBFE00C7BB60 /* HomeCoordinator.swift */,
			);
			path = Bookde;
			sourceTree = "<group>";
		};
		0A5785CF2921E83100E92026 /* Preview Content */ = {
			isa = PBXGroup;
			children = (
				0A5785D02921E83100E92026 /* Preview Assets.xcassets */,
			);
			path = "Preview Content";
			sourceTree = "<group>";
		};
		0A5785D92921E83100E92026 /* BookdeTests */ = {
			isa = PBXGroup;
			children = (
				0A5785DA2921E83100E92026 /* BookdeTests.swift */,
			);
			path = BookdeTests;
			sourceTree = "<group>";
		};
		0A5785E32921E83200E92026 /* BookdeUITests */ = {
			isa = PBXGroup;
			children = (
				0A5785E42921E83200E92026 /* BookdeUITests.swift */,
				0A5785E62921E83200E92026 /* BookdeUITestsLaunchTests.swift */,
			);
			path = BookdeUITests;
			sourceTree = "<group>";
		};
		0A5785F32921E84300E92026 /* Feature */ = {
			isa = PBXGroup;
			children = (
				0A3184AB2AB9F34A00C4A9D1 /* MessageCenter */,
				0AE5CA6F2A372E9800685FFE /* Onboarding */,
				0AE5CA732A3739E100685FFE /* Home */,
				0A47A2002A3C6EB600E9A4B1 /* Authenticate */,
				0A91E18629232F8A0070EB69 /* Common */,
				0A5786062922724F00E92026 /* Detail */,
				0A5785FF2922226100E92026 /* ModelData */,
				0A5785F62921FB9C00E92026 /* LoginScreen */,
			);
			path = Feature;
			sourceTree = "<group>";
		};
		0A5785F62921FB9C00E92026 /* LoginScreen */ = {
			isa = PBXGroup;
			children = (
				0A5785F42921E87200E92026 /* LoginScreen.swift */,
			);
			path = LoginScreen;
			sourceTree = "<group>";
		};
		0A5785FC292221D400E92026 /* Resources */ = {
			isa = PBXGroup;
			children = (
				0A5785FD2922222C00E92026 /* landmarkData.json */,
			);
			path = Resources;
			sourceTree = "<group>";
		};
		0A5785FF2922226100E92026 /* ModelData */ = {
			isa = PBXGroup;
			children = (
				0A5786002922229E00E92026 /* ModelData.swift */,
				0A5786042922233000E92026 /* LandMark.swift */,
				0A00553A2924E5CE00802F40 /* User.swift */,
			);
			path = ModelData;
			sourceTree = "<group>";
		};
		0A5786062922724F00E92026 /* Detail */ = {
			isa = PBXGroup;
			children = (
			);
			path = Detail;
			sourceTree = "<group>";
		};
		0A91E18629232F8A0070EB69 /* Common */ = {
			isa = PBXGroup;
			children = (
			);
			path = Common;
			sourceTree = "<group>";
		};
		0AE367072B028BCE00CDC219 /* TestSuport */ = {
			isa = PBXGroup;
			children = (
				0AE367082B028C5F00CDC219 /* TestSupport */,
			);
			path = TestSuport;
			sourceTree = "<group>";
		};
		0AE5CA702A3736A900685FFE /* Frameworks */ = {
			isa = PBXGroup;
			children = (
			);
			name = Frameworks;
			sourceTree = "<group>";
		};
		0AE5CA752A39CAD800685FFE /* Cores */ = {
			isa = PBXGroup;
			children = (
				0A00CBC82AF00A9F00881A39 /* Loger */,
				0A9AFD462AEB65F100305F45 /* CoreUI */,
				0A44E4E72AAC7637002FF450 /* DBCore */,
				0A4A44372A839E7A00D0AA82 /* DBService */,
				0AE5CA762A39CB6F00685FFE /* DBLocalNetwork.swift */,
			);
			path = Cores;
			sourceTree = "<group>";
		};
/* End PBXGroup section */

/* Begin PBXNativeTarget section */
		0A421CF92B00AEF10061D3FF /* BookdeScenario */ = {
			isa = PBXNativeTarget;
			buildConfigurationList = 0A421D272B00AEF30061D3FF /* Build configuration list for PBXNativeTarget "BookdeScenario" */;
			buildPhases = (
				0A421CF62B00AEF10061D3FF /* Sources */,
				0A421CF72B00AEF10061D3FF /* Frameworks */,
				0A421CF82B00AEF10061D3FF /* Resources */,
			);
			buildRules = (
			);
			dependencies = (
			);
			name = BookdeScenario;
			packageProductDependencies = (
				0A421D2A2B00AF010061D3FF /* AppFlow */,
			);
			productName = BookdeScenario;
			productReference = 0A421CFA2B00AEF10061D3FF /* BookdeScenario.app */;
			productType = "com.apple.product-type.application";
		};
		0A421D0E2B00AEF20061D3FF /* BookdeScenarioTests */ = {
			isa = PBXNativeTarget;
			buildConfigurationList = 0A421D282B00AEF30061D3FF /* Build configuration list for PBXNativeTarget "BookdeScenarioTests" */;
			buildPhases = (
				0A421D0B2B00AEF20061D3FF /* Sources */,
				0A421D0C2B00AEF20061D3FF /* Frameworks */,
				0A421D0D2B00AEF20061D3FF /* Resources */,
			);
			buildRules = (
			);
			dependencies = (
				0A421D112B00AEF20061D3FF /* PBXTargetDependency */,
			);
			name = BookdeScenarioTests;
			productName = BookdeScenarioTests;
			productReference = 0A421D0F2B00AEF20061D3FF /* BookdeScenarioTests.xctest */;
			productType = "com.apple.product-type.bundle.unit-test";
		};
		0A421D182B00AEF20061D3FF /* BookdeScenarioUITests */ = {
			isa = PBXNativeTarget;
			buildConfigurationList = 0A421D292B00AEF30061D3FF /* Build configuration list for PBXNativeTarget "BookdeScenarioUITests" */;
			buildPhases = (
				0A421D152B00AEF20061D3FF /* Sources */,
				0A421D162B00AEF20061D3FF /* Frameworks */,
				0A421D172B00AEF20061D3FF /* Resources */,
			);
			buildRules = (
			);
			dependencies = (
				0A421D1B2B00AEF30061D3FF /* PBXTargetDependency */,
			);
			name = BookdeScenarioUITests;
			productName = BookdeScenarioUITests;
			productReference = 0A421D192B00AEF20061D3FF /* BookdeScenarioUITests.xctest */;
			productType = "com.apple.product-type.bundle.ui-testing";
		};
		0A5785C52921E83000E92026 /* Bookde */ = {
			isa = PBXNativeTarget;
			buildConfigurationList = 0A5785EA2921E83200E92026 /* Build configuration list for PBXNativeTarget "Bookde" */;
			buildPhases = (
				0A5785C22921E83000E92026 /* Sources */,
				0A5785C32921E83000E92026 /* Frameworks */,
				0A5785C42921E83000E92026 /* Resources */,
			);
			buildRules = (
			);
			dependencies = (
			);
			name = Bookde;
			packageProductDependencies = (
				0A9157262AF0FB7A0058D938 /* AppFlow */,
				0A229CE92B085CB8003C149F /* CoreUI */,
			);
			productName = Bookde;
			productReference = 0A5785C62921E83000E92026 /* Bookde.app */;
			productType = "com.apple.product-type.application";
		};
		0A5785D52921E83100E92026 /* BookdeTests */ = {
			isa = PBXNativeTarget;
			buildConfigurationList = 0A5785ED2921E83200E92026 /* Build configuration list for PBXNativeTarget "BookdeTests" */;
			buildPhases = (
				0A5785D22921E83100E92026 /* Sources */,
				0A5785D32921E83100E92026 /* Frameworks */,
				0A5785D42921E83100E92026 /* Resources */,
			);
			buildRules = (
			);
			dependencies = (
				0A5785D82921E83100E92026 /* PBXTargetDependency */,
			);
			name = BookdeTests;
			productName = BookdeTests;
			productReference = 0A5785D62921E83100E92026 /* BookdeTests.xctest */;
			productType = "com.apple.product-type.bundle.unit-test";
		};
		0A5785DF2921E83200E92026 /* BookdeUITests */ = {
			isa = PBXNativeTarget;
			buildConfigurationList = 0A5785F02921E83200E92026 /* Build configuration list for PBXNativeTarget "BookdeUITests" */;
			buildPhases = (
				0A5785DC2921E83200E92026 /* Sources */,
				0A5785DD2921E83200E92026 /* Frameworks */,
				0A5785DE2921E83200E92026 /* Resources */,
			);
			buildRules = (
			);
			dependencies = (
				0A5785E22921E83200E92026 /* PBXTargetDependency */,
			);
			name = BookdeUITests;
			productName = BookdeUITests;
			productReference = 0A5785E02921E83200E92026 /* BookdeUITests.xctest */;
			productType = "com.apple.product-type.bundle.ui-testing";
		};
/* End PBXNativeTarget section */

/* Begin PBXProject section */
		0A5785BE2921E83000E92026 /* Project object */ = {
			isa = PBXProject;
			attributes = {
				BuildIndependentTargetsInParallel = 1;
				LastSwiftUpdateCheck = 1500;
				LastUpgradeCheck = 1400;
				TargetAttributes = {
					0A421CF92B00AEF10061D3FF = {
						CreatedOnToolsVersion = 15.0.1;
					};
					0A421D0E2B00AEF20061D3FF = {
						CreatedOnToolsVersion = 15.0.1;
						TestTargetID = 0A421CF92B00AEF10061D3FF;
					};
					0A421D182B00AEF20061D3FF = {
						CreatedOnToolsVersion = 15.0.1;
						TestTargetID = 0A421CF92B00AEF10061D3FF;
					};
					0A5785C52921E83000E92026 = {
						CreatedOnToolsVersion = 14.0.1;
					};
					0A5785D52921E83100E92026 = {
						CreatedOnToolsVersion = 14.0.1;
						TestTargetID = 0A5785C52921E83000E92026;
					};
					0A5785DF2921E83200E92026 = {
						CreatedOnToolsVersion = 14.0.1;
						TestTargetID = 0A5785C52921E83000E92026;
					};
				};
			};
			buildConfigurationList = 0A5785C12921E83000E92026 /* Build configuration list for PBXProject "Bookde" */;
			compatibilityVersion = "Xcode 14.0";
			developmentRegion = en;
			hasScannedForEncodings = 0;
			knownRegions = (
				en,
				Base,
			);
			mainGroup = 0A5785BD2921E83000E92026;
			packageReferences = (
			);
			productRefGroup = 0A5785C72921E83000E92026 /* Products */;
			projectDirPath = "";
			projectRoot = "";
			targets = (
				0A5785C52921E83000E92026 /* Bookde */,
				0A5785D52921E83100E92026 /* BookdeTests */,
				0A5785DF2921E83200E92026 /* BookdeUITests */,
				0A421CF92B00AEF10061D3FF /* BookdeScenario */,
				0A421D0E2B00AEF20061D3FF /* BookdeScenarioTests */,
				0A421D182B00AEF20061D3FF /* BookdeScenarioUITests */,
			);
		};
/* End PBXProject section */

/* Begin PBXResourcesBuildPhase section */
		0A421CF82B00AEF10061D3FF /* Resources */ = {
			isa = PBXResourcesBuildPhase;
			buildActionMask = 2147483647;
			files = (
				0A421D092B00AEF20061D3FF /* LaunchScreen.storyboard in Resources */,
				0A421D062B00AEF20061D3FF /* Assets.xcassets in Resources */,
				0A421D042B00AEF10061D3FF /* Main.storyboard in Resources */,
			);
			runOnlyForDeploymentPostprocessing = 0;
		};
		0A421D0D2B00AEF20061D3FF /* Resources */ = {
			isa = PBXResourcesBuildPhase;
			buildActionMask = 2147483647;
			files = (
			);
			runOnlyForDeploymentPostprocessing = 0;
		};
		0A421D172B00AEF20061D3FF /* Resources */ = {
			isa = PBXResourcesBuildPhase;
			buildActionMask = 2147483647;
			files = (
			);
			runOnlyForDeploymentPostprocessing = 0;
		};
		0A5785C42921E83000E92026 /* Resources */ = {
			isa = PBXResourcesBuildPhase;
			buildActionMask = 2147483647;
			files = (
				0A5785D12921E83100E92026 /* Preview Assets.xcassets in Resources */,
				0A3184AA2AB9704F00C4A9D1 /* GoogleService-Info.plist in Resources */,
				0A5785CE2921E83100E92026 /* Assets.xcassets in Resources */,
				0A5785FE2922222C00E92026 /* landmarkData.json in Resources */,
			);
			runOnlyForDeploymentPostprocessing = 0;
		};
		0A5785D42921E83100E92026 /* Resources */ = {
			isa = PBXResourcesBuildPhase;
			buildActionMask = 2147483647;
			files = (
			);
			runOnlyForDeploymentPostprocessing = 0;
		};
		0A5785DE2921E83200E92026 /* Resources */ = {
			isa = PBXResourcesBuildPhase;
			buildActionMask = 2147483647;
			files = (
			);
			runOnlyForDeploymentPostprocessing = 0;
		};
/* End PBXResourcesBuildPhase section */

/* Begin PBXSourcesBuildPhase section */
		0A421CF62B00AEF10061D3FF /* Sources */ = {
			isa = PBXSourcesBuildPhase;
			buildActionMask = 2147483647;
			files = (
				0A421D012B00AEF10061D3FF /* ViewController.swift in Sources */,
				0A421CFD2B00AEF10061D3FF /* AppDelegate.swift in Sources */,
				0A421CFF2B00AEF10061D3FF /* SceneDelegate.swift in Sources */,
			);
			runOnlyForDeploymentPostprocessing = 0;
		};
		0A421D0B2B00AEF20061D3FF /* Sources */ = {
			isa = PBXSourcesBuildPhase;
			buildActionMask = 2147483647;
			files = (
				0A421D142B00AEF20061D3FF /* BookdeScenarioTests.swift in Sources */,
			);
			runOnlyForDeploymentPostprocessing = 0;
		};
		0A421D152B00AEF20061D3FF /* Sources */ = {
			isa = PBXSourcesBuildPhase;
			buildActionMask = 2147483647;
			files = (
				0A421D202B00AEF30061D3FF /* BookdeScenarioUITestsLaunchTests.swift in Sources */,
				0A421D1E2B00AEF30061D3FF /* BookdeScenarioUITests.swift in Sources */,
			);
			runOnlyForDeploymentPostprocessing = 0;
		};
		0A5785C22921E83000E92026 /* Sources */ = {
			isa = PBXSourcesBuildPhase;
			buildActionMask = 2147483647;
			files = (
				0ADD642E2A8BDF2C00C7BB60 /* AppFactory.swift in Sources */,
				0ADD64302A8BDF6D00C7BB60 /* Coordinator.swift in Sources */,
				0ADD64342A8CD21100C7BB60 /* SceneDelegate.swift in Sources */,
				0ADD64362A8CD31A00C7BB60 /* AppCoordinator.swift in Sources */,
				0A5785CA2921E83000E92026 /* BookdeApp.swift in Sources */,
				0A5785F52921E87200E92026 /* LoginScreen.swift in Sources */,
				0AE5CA772A39CB6F00685FFE /* DBLocalNetwork.swift in Sources */,
				0ADD643A2A8CDBFE00C7BB60 /* HomeCoordinator.swift in Sources */,
				0ADD64322A8BDFA800C7BB60 /* HomeFactory.swift in Sources */,
				0A5786012922229E00E92026 /* ModelData.swift in Sources */,
				0A00553B2924E5CF00802F40 /* User.swift in Sources */,
				0ADD64382A8CD9F200C7BB60 /* AppDelegate.swift in Sources */,
				0A5786052922233000E92026 /* LandMark.swift in Sources */,
			);
			runOnlyForDeploymentPostprocessing = 0;
		};
		0A5785D22921E83100E92026 /* Sources */ = {
			isa = PBXSourcesBuildPhase;
			buildActionMask = 2147483647;
			files = (
				0A5785DB2921E83100E92026 /* BookdeTests.swift in Sources */,
			);
			runOnlyForDeploymentPostprocessing = 0;
		};
		0A5785DC2921E83200E92026 /* Sources */ = {
			isa = PBXSourcesBuildPhase;
			buildActionMask = 2147483647;
			files = (
				0A5785E72921E83200E92026 /* BookdeUITestsLaunchTests.swift in Sources */,
				0A5785E52921E83200E92026 /* BookdeUITests.swift in Sources */,
			);
			runOnlyForDeploymentPostprocessing = 0;
		};
/* End PBXSourcesBuildPhase section */

/* Begin PBXTargetDependency section */
		0A421D112B00AEF20061D3FF /* PBXTargetDependency */ = {
			isa = PBXTargetDependency;
			target = 0A421CF92B00AEF10061D3FF /* BookdeScenario */;
			targetProxy = 0A421D102B00AEF20061D3FF /* PBXContainerItemProxy */;
		};
		0A421D1B2B00AEF30061D3FF /* PBXTargetDependency */ = {
			isa = PBXTargetDependency;
			target = 0A421CF92B00AEF10061D3FF /* BookdeScenario */;
			targetProxy = 0A421D1A2B00AEF30061D3FF /* PBXContainerItemProxy */;
		};
		0A5785D82921E83100E92026 /* PBXTargetDependency */ = {
			isa = PBXTargetDependency;
			target = 0A5785C52921E83000E92026 /* Bookde */;
			targetProxy = 0A5785D72921E83100E92026 /* PBXContainerItemProxy */;
		};
		0A5785E22921E83200E92026 /* PBXTargetDependency */ = {
			isa = PBXTargetDependency;
			target = 0A5785C52921E83000E92026 /* Bookde */;
			targetProxy = 0A5785E12921E83200E92026 /* PBXContainerItemProxy */;
		};
/* End PBXTargetDependency section */

/* Begin PBXVariantGroup section */
		0A421D022B00AEF10061D3FF /* Main.storyboard */ = {
			isa = PBXVariantGroup;
			children = (
				0A421D032B00AEF10061D3FF /* Base */,
			);
			name = Main.storyboard;
			sourceTree = "<group>";
		};
		0A421D072B00AEF20061D3FF /* LaunchScreen.storyboard */ = {
			isa = PBXVariantGroup;
			children = (
				0A421D082B00AEF20061D3FF /* Base */,
			);
			name = LaunchScreen.storyboard;
			sourceTree = "<group>";
		};
/* End PBXVariantGroup section */

/* Begin XCBuildConfiguration section */
		0A421D212B00AEF30061D3FF /* Debug */ = {
			isa = XCBuildConfiguration;
			buildSettings = {
				ASSETCATALOG_COMPILER_APPICON_NAME = AppIcon;
				ASSETCATALOG_COMPILER_GENERATE_SWIFT_ASSET_SYMBOL_EXTENSIONS = YES;
				ASSETCATALOG_COMPILER_GLOBAL_ACCENT_COLOR_NAME = AccentColor;
				CODE_SIGN_STYLE = Automatic;
				CURRENT_PROJECT_VERSION = 1;
				DEVELOPMENT_TEAM = PBBT599Q77;
				ENABLE_USER_SCRIPT_SANDBOXING = YES;
				GCC_C_LANGUAGE_STANDARD = gnu17;
				GENERATE_INFOPLIST_FILE = YES;
				INFOPLIST_FILE = BookdeScenario/Info.plist;
				INFOPLIST_KEY_UIApplicationSupportsIndirectInputEvents = YES;
				INFOPLIST_KEY_UILaunchStoryboardName = LaunchScreen;
				INFOPLIST_KEY_UIMainStoryboardFile = Main;
				INFOPLIST_KEY_UISupportedInterfaceOrientations_iPad = "UIInterfaceOrientationPortrait UIInterfaceOrientationPortraitUpsideDown UIInterfaceOrientationLandscapeLeft UIInterfaceOrientationLandscapeRight";
				INFOPLIST_KEY_UISupportedInterfaceOrientations_iPhone = "UIInterfaceOrientationPortrait UIInterfaceOrientationLandscapeLeft UIInterfaceOrientationLandscapeRight";
				IPHONEOS_DEPLOYMENT_TARGET = 17.0;
				LD_RUNPATH_SEARCH_PATHS = (
					"$(inherited)",
					"@executable_path/Frameworks",
				);
				LOCALIZATION_PREFERS_STRING_CATALOGS = YES;
				MARKETING_VERSION = 1.0;
				PRODUCT_BUNDLE_IDENTIFIER = kevin.BookdeScenario;
				PRODUCT_NAME = "$(TARGET_NAME)";
				SWIFT_ACTIVE_COMPILATION_CONDITIONS = "DEBUG $(inherited)";
				SWIFT_EMIT_LOC_STRINGS = YES;
				SWIFT_VERSION = 5.0;
				TARGETED_DEVICE_FAMILY = "1,2";
			};
			name = Debug;
		};
		0A421D222B00AEF30061D3FF /* Release */ = {
			isa = XCBuildConfiguration;
			buildSettings = {
				ASSETCATALOG_COMPILER_APPICON_NAME = AppIcon;
				ASSETCATALOG_COMPILER_GENERATE_SWIFT_ASSET_SYMBOL_EXTENSIONS = YES;
				ASSETCATALOG_COMPILER_GLOBAL_ACCENT_COLOR_NAME = AccentColor;
				CODE_SIGN_STYLE = Automatic;
				CURRENT_PROJECT_VERSION = 1;
				DEVELOPMENT_TEAM = PBBT599Q77;
				ENABLE_USER_SCRIPT_SANDBOXING = YES;
				GCC_C_LANGUAGE_STANDARD = gnu17;
				GENERATE_INFOPLIST_FILE = YES;
				INFOPLIST_FILE = BookdeScenario/Info.plist;
				INFOPLIST_KEY_UIApplicationSupportsIndirectInputEvents = YES;
				INFOPLIST_KEY_UILaunchStoryboardName = LaunchScreen;
				INFOPLIST_KEY_UIMainStoryboardFile = Main;
				INFOPLIST_KEY_UISupportedInterfaceOrientations_iPad = "UIInterfaceOrientationPortrait UIInterfaceOrientationPortraitUpsideDown UIInterfaceOrientationLandscapeLeft UIInterfaceOrientationLandscapeRight";
				INFOPLIST_KEY_UISupportedInterfaceOrientations_iPhone = "UIInterfaceOrientationPortrait UIInterfaceOrientationLandscapeLeft UIInterfaceOrientationLandscapeRight";
				IPHONEOS_DEPLOYMENT_TARGET = 17.0;
				LD_RUNPATH_SEARCH_PATHS = (
					"$(inherited)",
					"@executable_path/Frameworks",
				);
				LOCALIZATION_PREFERS_STRING_CATALOGS = YES;
				MARKETING_VERSION = 1.0;
				PRODUCT_BUNDLE_IDENTIFIER = kevin.BookdeScenario;
				PRODUCT_NAME = "$(TARGET_NAME)";
				SWIFT_EMIT_LOC_STRINGS = YES;
				SWIFT_VERSION = 5.0;
				TARGETED_DEVICE_FAMILY = "1,2";
			};
			name = Release;
		};
		0A421D232B00AEF30061D3FF /* Debug */ = {
			isa = XCBuildConfiguration;
			buildSettings = {
				ALWAYS_EMBED_SWIFT_STANDARD_LIBRARIES = YES;
				ASSETCATALOG_COMPILER_GENERATE_SWIFT_ASSET_SYMBOL_EXTENSIONS = YES;
				BUNDLE_LOADER = "$(TEST_HOST)";
				CODE_SIGN_STYLE = Automatic;
				CURRENT_PROJECT_VERSION = 1;
				DEVELOPMENT_TEAM = PBBT599Q77;
				ENABLE_USER_SCRIPT_SANDBOXING = YES;
				GCC_C_LANGUAGE_STANDARD = gnu17;
				GENERATE_INFOPLIST_FILE = YES;
				IPHONEOS_DEPLOYMENT_TARGET = 17.0;
				LOCALIZATION_PREFERS_STRING_CATALOGS = YES;
				MARKETING_VERSION = 1.0;
				PRODUCT_BUNDLE_IDENTIFIER = kevin.BookdeScenarioTests;
				PRODUCT_NAME = "$(TARGET_NAME)";
				SWIFT_ACTIVE_COMPILATION_CONDITIONS = "DEBUG $(inherited)";
				SWIFT_EMIT_LOC_STRINGS = NO;
				SWIFT_VERSION = 5.0;
				TARGETED_DEVICE_FAMILY = "1,2";
				TEST_HOST = "$(BUILT_PRODUCTS_DIR)/BookdeScenario.app/$(BUNDLE_EXECUTABLE_FOLDER_PATH)/BookdeScenario";
			};
			name = Debug;
		};
		0A421D242B00AEF30061D3FF /* Release */ = {
			isa = XCBuildConfiguration;
			buildSettings = {
				ALWAYS_EMBED_SWIFT_STANDARD_LIBRARIES = YES;
				ASSETCATALOG_COMPILER_GENERATE_SWIFT_ASSET_SYMBOL_EXTENSIONS = YES;
				BUNDLE_LOADER = "$(TEST_HOST)";
				CODE_SIGN_STYLE = Automatic;
				CURRENT_PROJECT_VERSION = 1;
				DEVELOPMENT_TEAM = PBBT599Q77;
				ENABLE_USER_SCRIPT_SANDBOXING = YES;
				GCC_C_LANGUAGE_STANDARD = gnu17;
				GENERATE_INFOPLIST_FILE = YES;
				IPHONEOS_DEPLOYMENT_TARGET = 17.0;
				LOCALIZATION_PREFERS_STRING_CATALOGS = YES;
				MARKETING_VERSION = 1.0;
				PRODUCT_BUNDLE_IDENTIFIER = kevin.BookdeScenarioTests;
				PRODUCT_NAME = "$(TARGET_NAME)";
				SWIFT_EMIT_LOC_STRINGS = NO;
				SWIFT_VERSION = 5.0;
				TARGETED_DEVICE_FAMILY = "1,2";
				TEST_HOST = "$(BUILT_PRODUCTS_DIR)/BookdeScenario.app/$(BUNDLE_EXECUTABLE_FOLDER_PATH)/BookdeScenario";
			};
			name = Release;
		};
		0A421D252B00AEF30061D3FF /* Debug */ = {
			isa = XCBuildConfiguration;
			buildSettings = {
				ALWAYS_EMBED_SWIFT_STANDARD_LIBRARIES = YES;
				ASSETCATALOG_COMPILER_GENERATE_SWIFT_ASSET_SYMBOL_EXTENSIONS = YES;
				CODE_SIGN_STYLE = Automatic;
				CURRENT_PROJECT_VERSION = 1;
				DEVELOPMENT_TEAM = PBBT599Q77;
				ENABLE_USER_SCRIPT_SANDBOXING = YES;
				GCC_C_LANGUAGE_STANDARD = gnu17;
				GENERATE_INFOPLIST_FILE = YES;
				IPHONEOS_DEPLOYMENT_TARGET = 17.0;
				LOCALIZATION_PREFERS_STRING_CATALOGS = YES;
				MARKETING_VERSION = 1.0;
				PRODUCT_BUNDLE_IDENTIFIER = kevin.BookdeScenarioUITests;
				PRODUCT_NAME = "$(TARGET_NAME)";
				SWIFT_ACTIVE_COMPILATION_CONDITIONS = "DEBUG $(inherited)";
				SWIFT_EMIT_LOC_STRINGS = NO;
				SWIFT_VERSION = 5.0;
				TARGETED_DEVICE_FAMILY = "1,2";
				TEST_TARGET_NAME = BookdeScenario;
			};
			name = Debug;
		};
		0A421D262B00AEF30061D3FF /* Release */ = {
			isa = XCBuildConfiguration;
			buildSettings = {
				ALWAYS_EMBED_SWIFT_STANDARD_LIBRARIES = YES;
				ASSETCATALOG_COMPILER_GENERATE_SWIFT_ASSET_SYMBOL_EXTENSIONS = YES;
				CODE_SIGN_STYLE = Automatic;
				CURRENT_PROJECT_VERSION = 1;
				DEVELOPMENT_TEAM = PBBT599Q77;
				ENABLE_USER_SCRIPT_SANDBOXING = YES;
				GCC_C_LANGUAGE_STANDARD = gnu17;
				GENERATE_INFOPLIST_FILE = YES;
				IPHONEOS_DEPLOYMENT_TARGET = 17.0;
				LOCALIZATION_PREFERS_STRING_CATALOGS = YES;
				MARKETING_VERSION = 1.0;
				PRODUCT_BUNDLE_IDENTIFIER = kevin.BookdeScenarioUITests;
				PRODUCT_NAME = "$(TARGET_NAME)";
				SWIFT_EMIT_LOC_STRINGS = NO;
				SWIFT_VERSION = 5.0;
				TARGETED_DEVICE_FAMILY = "1,2";
				TEST_TARGET_NAME = BookdeScenario;
			};
			name = Release;
		};
		0A5785E82921E83200E92026 /* Debug */ = {
			isa = XCBuildConfiguration;
			buildSettings = {
				ALWAYS_SEARCH_USER_PATHS = NO;
				CLANG_ANALYZER_NONNULL = YES;
				CLANG_ANALYZER_NUMBER_OBJECT_CONVERSION = YES_AGGRESSIVE;
				CLANG_CXX_LANGUAGE_STANDARD = "gnu++20";
				CLANG_ENABLE_MODULES = YES;
				CLANG_ENABLE_OBJC_ARC = YES;
				CLANG_ENABLE_OBJC_WEAK = YES;
				CLANG_WARN_BLOCK_CAPTURE_AUTORELEASING = YES;
				CLANG_WARN_BOOL_CONVERSION = YES;
				CLANG_WARN_COMMA = YES;
				CLANG_WARN_CONSTANT_CONVERSION = YES;
				CLANG_WARN_DEPRECATED_OBJC_IMPLEMENTATIONS = YES;
				CLANG_WARN_DIRECT_OBJC_ISA_USAGE = YES_ERROR;
				CLANG_WARN_DOCUMENTATION_COMMENTS = YES;
				CLANG_WARN_EMPTY_BODY = YES;
				CLANG_WARN_ENUM_CONVERSION = YES;
				CLANG_WARN_INFINITE_RECURSION = YES;
				CLANG_WARN_INT_CONVERSION = YES;
				CLANG_WARN_NON_LITERAL_NULL_CONVERSION = YES;
				CLANG_WARN_OBJC_IMPLICIT_RETAIN_SELF = YES;
				CLANG_WARN_OBJC_LITERAL_CONVERSION = YES;
				CLANG_WARN_OBJC_ROOT_CLASS = YES_ERROR;
				CLANG_WARN_QUOTED_INCLUDE_IN_FRAMEWORK_HEADER = YES;
				CLANG_WARN_RANGE_LOOP_ANALYSIS = YES;
				CLANG_WARN_STRICT_PROTOTYPES = YES;
				CLANG_WARN_SUSPICIOUS_MOVE = YES;
				CLANG_WARN_UNGUARDED_AVAILABILITY = YES_AGGRESSIVE;
				CLANG_WARN_UNREACHABLE_CODE = YES;
				CLANG_WARN__DUPLICATE_METHOD_MATCH = YES;
				COPY_PHASE_STRIP = NO;
				DEBUG_INFORMATION_FORMAT = dwarf;
				ENABLE_STRICT_OBJC_MSGSEND = YES;
				ENABLE_TESTABILITY = YES;
				GCC_C_LANGUAGE_STANDARD = gnu11;
				GCC_DYNAMIC_NO_PIC = NO;
				GCC_NO_COMMON_BLOCKS = YES;
				GCC_OPTIMIZATION_LEVEL = 0;
				GCC_PREPROCESSOR_DEFINITIONS = (
					"DEBUG=1",
					"$(inherited)",
				);
				GCC_WARN_64_TO_32_BIT_CONVERSION = YES;
				GCC_WARN_ABOUT_RETURN_TYPE = YES_ERROR;
				GCC_WARN_UNDECLARED_SELECTOR = YES;
				GCC_WARN_UNINITIALIZED_AUTOS = YES_AGGRESSIVE;
				GCC_WARN_UNUSED_FUNCTION = YES;
				GCC_WARN_UNUSED_VARIABLE = YES;
				IPHONEOS_DEPLOYMENT_TARGET = 16.0;
				MTL_ENABLE_DEBUG_INFO = INCLUDE_SOURCE;
				MTL_FAST_MATH = YES;
				ONLY_ACTIVE_ARCH = YES;
				OTHER_LDFLAGS = "";
				SDKROOT = iphoneos;
				SWIFT_ACTIVE_COMPILATION_CONDITIONS = DEBUG;
				SWIFT_OPTIMIZATION_LEVEL = "-Onone";
			};
			name = Debug;
		};
		0A5785E92921E83200E92026 /* Release */ = {
			isa = XCBuildConfiguration;
			buildSettings = {
				ALWAYS_SEARCH_USER_PATHS = NO;
				CLANG_ANALYZER_NONNULL = YES;
				CLANG_ANALYZER_NUMBER_OBJECT_CONVERSION = YES_AGGRESSIVE;
				CLANG_CXX_LANGUAGE_STANDARD = "gnu++20";
				CLANG_ENABLE_MODULES = YES;
				CLANG_ENABLE_OBJC_ARC = YES;
				CLANG_ENABLE_OBJC_WEAK = YES;
				CLANG_WARN_BLOCK_CAPTURE_AUTORELEASING = YES;
				CLANG_WARN_BOOL_CONVERSION = YES;
				CLANG_WARN_COMMA = YES;
				CLANG_WARN_CONSTANT_CONVERSION = YES;
				CLANG_WARN_DEPRECATED_OBJC_IMPLEMENTATIONS = YES;
				CLANG_WARN_DIRECT_OBJC_ISA_USAGE = YES_ERROR;
				CLANG_WARN_DOCUMENTATION_COMMENTS = YES;
				CLANG_WARN_EMPTY_BODY = YES;
				CLANG_WARN_ENUM_CONVERSION = YES;
				CLANG_WARN_INFINITE_RECURSION = YES;
				CLANG_WARN_INT_CONVERSION = YES;
				CLANG_WARN_NON_LITERAL_NULL_CONVERSION = YES;
				CLANG_WARN_OBJC_IMPLICIT_RETAIN_SELF = YES;
				CLANG_WARN_OBJC_LITERAL_CONVERSION = YES;
				CLANG_WARN_OBJC_ROOT_CLASS = YES_ERROR;
				CLANG_WARN_QUOTED_INCLUDE_IN_FRAMEWORK_HEADER = YES;
				CLANG_WARN_RANGE_LOOP_ANALYSIS = YES;
				CLANG_WARN_STRICT_PROTOTYPES = YES;
				CLANG_WARN_SUSPICIOUS_MOVE = YES;
				CLANG_WARN_UNGUARDED_AVAILABILITY = YES_AGGRESSIVE;
				CLANG_WARN_UNREACHABLE_CODE = YES;
				CLANG_WARN__DUPLICATE_METHOD_MATCH = YES;
				COPY_PHASE_STRIP = NO;
				DEBUG_INFORMATION_FORMAT = "dwarf-with-dsym";
				ENABLE_NS_ASSERTIONS = NO;
				ENABLE_STRICT_OBJC_MSGSEND = YES;
				GCC_C_LANGUAGE_STANDARD = gnu11;
				GCC_NO_COMMON_BLOCKS = YES;
				GCC_WARN_64_TO_32_BIT_CONVERSION = YES;
				GCC_WARN_ABOUT_RETURN_TYPE = YES_ERROR;
				GCC_WARN_UNDECLARED_SELECTOR = YES;
				GCC_WARN_UNINITIALIZED_AUTOS = YES_AGGRESSIVE;
				GCC_WARN_UNUSED_FUNCTION = YES;
				GCC_WARN_UNUSED_VARIABLE = YES;
				IPHONEOS_DEPLOYMENT_TARGET = 16.0;
				MTL_ENABLE_DEBUG_INFO = NO;
				MTL_FAST_MATH = YES;
				OTHER_LDFLAGS = "";
				SDKROOT = iphoneos;
				SWIFT_COMPILATION_MODE = wholemodule;
				SWIFT_OPTIMIZATION_LEVEL = "-O";
				VALIDATE_PRODUCT = YES;
			};
			name = Release;
		};
		0A5785EB2921E83200E92026 /* Debug */ = {
			isa = XCBuildConfiguration;
			buildSettings = {
				ASSETCATALOG_COMPILER_APPICON_NAME = AppIcon;
				ASSETCATALOG_COMPILER_GLOBAL_ACCENT_COLOR_NAME = AccentColor;
				CODE_SIGN_STYLE = Automatic;
				CURRENT_PROJECT_VERSION = 1;
				DEVELOPMENT_ASSET_PATHS = "\"Bookde/Preview Content\"";
				DEVELOPMENT_TEAM = PBBT599Q77;
				ENABLE_PREVIEWS = YES;
				GENERATE_INFOPLIST_FILE = YES;
				INFOPLIST_KEY_LSApplicationCategoryType = "public.app-category.social-networking";
				INFOPLIST_KEY_UIApplicationSceneManifest_Generation = YES;
				INFOPLIST_KEY_UIApplicationSupportsIndirectInputEvents = YES;
				INFOPLIST_KEY_UILaunchScreen_Generation = YES;
				INFOPLIST_KEY_UISupportedInterfaceOrientations_iPad = "UIInterfaceOrientationPortrait UIInterfaceOrientationPortraitUpsideDown UIInterfaceOrientationLandscapeLeft UIInterfaceOrientationLandscapeRight";
				INFOPLIST_KEY_UISupportedInterfaceOrientations_iPhone = "UIInterfaceOrientationPortrait UIInterfaceOrientationLandscapeLeft UIInterfaceOrientationLandscapeRight";
				LD_RUNPATH_SEARCH_PATHS = (
					"$(inherited)",
					"@executable_path/Frameworks",
				);
				MARKETING_VERSION = 1.0;
				PRODUCT_BUNDLE_IDENTIFIER = kevin.Bookde;
				PRODUCT_NAME = "$(TARGET_NAME)";
				SWIFT_EMIT_LOC_STRINGS = YES;
				SWIFT_VERSION = 5.0;
				TARGETED_DEVICE_FAMILY = "1,2";
			};
			name = Debug;
		};
		0A5785EC2921E83200E92026 /* Release */ = {
			isa = XCBuildConfiguration;
			buildSettings = {
				ASSETCATALOG_COMPILER_APPICON_NAME = AppIcon;
				ASSETCATALOG_COMPILER_GLOBAL_ACCENT_COLOR_NAME = AccentColor;
				CODE_SIGN_STYLE = Automatic;
				CURRENT_PROJECT_VERSION = 1;
				DEVELOPMENT_ASSET_PATHS = "\"Bookde/Preview Content\"";
				DEVELOPMENT_TEAM = PBBT599Q77;
				ENABLE_PREVIEWS = YES;
				GENERATE_INFOPLIST_FILE = YES;
				INFOPLIST_KEY_LSApplicationCategoryType = "public.app-category.social-networking";
				INFOPLIST_KEY_UIApplicationSceneManifest_Generation = YES;
				INFOPLIST_KEY_UIApplicationSupportsIndirectInputEvents = YES;
				INFOPLIST_KEY_UILaunchScreen_Generation = YES;
				INFOPLIST_KEY_UISupportedInterfaceOrientations_iPad = "UIInterfaceOrientationPortrait UIInterfaceOrientationPortraitUpsideDown UIInterfaceOrientationLandscapeLeft UIInterfaceOrientationLandscapeRight";
				INFOPLIST_KEY_UISupportedInterfaceOrientations_iPhone = "UIInterfaceOrientationPortrait UIInterfaceOrientationLandscapeLeft UIInterfaceOrientationLandscapeRight";
				LD_RUNPATH_SEARCH_PATHS = (
					"$(inherited)",
					"@executable_path/Frameworks",
				);
				MARKETING_VERSION = 1.0;
				PRODUCT_BUNDLE_IDENTIFIER = kevin.Bookde;
				PRODUCT_NAME = "$(TARGET_NAME)";
				SWIFT_EMIT_LOC_STRINGS = YES;
				SWIFT_VERSION = 5.0;
				TARGETED_DEVICE_FAMILY = "1,2";
			};
			name = Release;
		};
		0A5785EE2921E83200E92026 /* Debug */ = {
			isa = XCBuildConfiguration;
			buildSettings = {
				ALWAYS_EMBED_SWIFT_STANDARD_LIBRARIES = YES;
				BUNDLE_LOADER = "$(TEST_HOST)";
				CODE_SIGN_STYLE = Automatic;
				CURRENT_PROJECT_VERSION = 1;
				DEVELOPMENT_TEAM = PBBT599Q77;
				GENERATE_INFOPLIST_FILE = YES;
				IPHONEOS_DEPLOYMENT_TARGET = 16.0;
				MARKETING_VERSION = 1.0;
				PRODUCT_BUNDLE_IDENTIFIER = kevin.BookdeTests;
				PRODUCT_NAME = "$(TARGET_NAME)";
				SWIFT_EMIT_LOC_STRINGS = NO;
				SWIFT_VERSION = 5.0;
				TARGETED_DEVICE_FAMILY = "1,2";
				TEST_HOST = "$(BUILT_PRODUCTS_DIR)/Bookde.app/$(BUNDLE_EXECUTABLE_FOLDER_PATH)/Bookde";
			};
			name = Debug;
		};
		0A5785EF2921E83200E92026 /* Release */ = {
			isa = XCBuildConfiguration;
			buildSettings = {
				ALWAYS_EMBED_SWIFT_STANDARD_LIBRARIES = YES;
				BUNDLE_LOADER = "$(TEST_HOST)";
				CODE_SIGN_STYLE = Automatic;
				CURRENT_PROJECT_VERSION = 1;
				DEVELOPMENT_TEAM = PBBT599Q77;
				GENERATE_INFOPLIST_FILE = YES;
				IPHONEOS_DEPLOYMENT_TARGET = 16.0;
				MARKETING_VERSION = 1.0;
				PRODUCT_BUNDLE_IDENTIFIER = kevin.BookdeTests;
				PRODUCT_NAME = "$(TARGET_NAME)";
				SWIFT_EMIT_LOC_STRINGS = NO;
				SWIFT_VERSION = 5.0;
				TARGETED_DEVICE_FAMILY = "1,2";
				TEST_HOST = "$(BUILT_PRODUCTS_DIR)/Bookde.app/$(BUNDLE_EXECUTABLE_FOLDER_PATH)/Bookde";
			};
			name = Release;
		};
		0A5785F12921E83200E92026 /* Debug */ = {
			isa = XCBuildConfiguration;
			buildSettings = {
				ALWAYS_EMBED_SWIFT_STANDARD_LIBRARIES = YES;
				CODE_SIGN_STYLE = Automatic;
				CURRENT_PROJECT_VERSION = 1;
				DEVELOPMENT_TEAM = PBBT599Q77;
				GENERATE_INFOPLIST_FILE = YES;
				MARKETING_VERSION = 1.0;
				PRODUCT_BUNDLE_IDENTIFIER = kevin.BookdeUITests;
				PRODUCT_NAME = "$(TARGET_NAME)";
				SWIFT_EMIT_LOC_STRINGS = NO;
				SWIFT_VERSION = 5.0;
				TARGETED_DEVICE_FAMILY = "1,2";
				TEST_TARGET_NAME = Bookde;
			};
			name = Debug;
		};
		0A5785F22921E83200E92026 /* Release */ = {
			isa = XCBuildConfiguration;
			buildSettings = {
				ALWAYS_EMBED_SWIFT_STANDARD_LIBRARIES = YES;
				CODE_SIGN_STYLE = Automatic;
				CURRENT_PROJECT_VERSION = 1;
				DEVELOPMENT_TEAM = PBBT599Q77;
				GENERATE_INFOPLIST_FILE = YES;
				MARKETING_VERSION = 1.0;
				PRODUCT_BUNDLE_IDENTIFIER = kevin.BookdeUITests;
				PRODUCT_NAME = "$(TARGET_NAME)";
				SWIFT_EMIT_LOC_STRINGS = NO;
				SWIFT_VERSION = 5.0;
				TARGETED_DEVICE_FAMILY = "1,2";
				TEST_TARGET_NAME = Bookde;
			};
			name = Release;
		};
/* End XCBuildConfiguration section */

/* Begin XCConfigurationList section */
		0A421D272B00AEF30061D3FF /* Build configuration list for PBXNativeTarget "BookdeScenario" */ = {
			isa = XCConfigurationList;
			buildConfigurations = (
				0A421D212B00AEF30061D3FF /* Debug */,
				0A421D222B00AEF30061D3FF /* Release */,
			);
			defaultConfigurationIsVisible = 0;
			defaultConfigurationName = Release;
		};
		0A421D282B00AEF30061D3FF /* Build configuration list for PBXNativeTarget "BookdeScenarioTests" */ = {
			isa = XCConfigurationList;
			buildConfigurations = (
				0A421D232B00AEF30061D3FF /* Debug */,
				0A421D242B00AEF30061D3FF /* Release */,
			);
			defaultConfigurationIsVisible = 0;
			defaultConfigurationName = Release;
		};
		0A421D292B00AEF30061D3FF /* Build configuration list for PBXNativeTarget "BookdeScenarioUITests" */ = {
			isa = XCConfigurationList;
			buildConfigurations = (
				0A421D252B00AEF30061D3FF /* Debug */,
				0A421D262B00AEF30061D3FF /* Release */,
			);
			defaultConfigurationIsVisible = 0;
			defaultConfigurationName = Release;
		};
		0A5785C12921E83000E92026 /* Build configuration list for PBXProject "Bookde" */ = {
			isa = XCConfigurationList;
			buildConfigurations = (
				0A5785E82921E83200E92026 /* Debug */,
				0A5785E92921E83200E92026 /* Release */,
			);
			defaultConfigurationIsVisible = 0;
			defaultConfigurationName = Release;
		};
		0A5785EA2921E83200E92026 /* Build configuration list for PBXNativeTarget "Bookde" */ = {
			isa = XCConfigurationList;
			buildConfigurations = (
				0A5785EB2921E83200E92026 /* Debug */,
				0A5785EC2921E83200E92026 /* Release */,
			);
			defaultConfigurationIsVisible = 0;
			defaultConfigurationName = Release;
		};
		0A5785ED2921E83200E92026 /* Build configuration list for PBXNativeTarget "BookdeTests" */ = {
			isa = XCConfigurationList;
			buildConfigurations = (
				0A5785EE2921E83200E92026 /* Debug */,
				0A5785EF2921E83200E92026 /* Release */,
			);
			defaultConfigurationIsVisible = 0;
			defaultConfigurationName = Release;
		};
		0A5785F02921E83200E92026 /* Build configuration list for PBXNativeTarget "BookdeUITests" */ = {
			isa = XCConfigurationList;
			buildConfigurations = (
				0A5785F12921E83200E92026 /* Debug */,
				0A5785F22921E83200E92026 /* Release */,
			);
			defaultConfigurationIsVisible = 0;
			defaultConfigurationName = Release;
		};
/* End XCConfigurationList section */

/* Begin XCSwiftPackageProductDependency section */
		0A229CE92B085CB8003C149F /* CoreUI */ = {
			isa = XCSwiftPackageProductDependency;
			productName = CoreUI;
		};
		0A421D2A2B00AF010061D3FF /* AppFlow */ = {
			isa = XCSwiftPackageProductDependency;
			productName = AppFlow;
		};
		0A9157262AF0FB7A0058D938 /* AppFlow */ = {
			isa = XCSwiftPackageProductDependency;
			productName = AppFlow;
		};
/* End XCSwiftPackageProductDependency section */
	};
	rootObject = 0A5785BE2921E83000E92026 /* Project object */;
}
