// !$*UTF8*$!
{
	archiveVersion = 1;
	classes = {
	};
	objectVersion = 56;
	objects = {

/* Begin PBXBuildFile section */
		0A00553B2924E5CF00802F40 /* User.swift in Sources */ = {isa = PBXBuildFile; fileRef = 0A00553A2924E5CE00802F40 /* User.swift */; };
		0A5785CA2921E83000E92026 /* BookdeApp.swift in Sources */ = {isa = PBXBuildFile; fileRef = 0A5785C92921E83000E92026 /* BookdeApp.swift */; };
		0A5785CC2921E83000E92026 /* ContentView.swift in Sources */ = {isa = PBXBuildFile; fileRef = 0A5785CB2921E83000E92026 /* ContentView.swift */; };
		0A5785CE2921E83100E92026 /* Assets.xcassets in Resources */ = {isa = PBXBuildFile; fileRef = 0A5785CD2921E83100E92026 /* Assets.xcassets */; };
		0A5785D12921E83100E92026 /* Preview Assets.xcassets in Resources */ = {isa = PBXBuildFile; fileRef = 0A5785D02921E83100E92026 /* Preview Assets.xcassets */; };
		0A5785DB2921E83100E92026 /* BookdeTests.swift in Sources */ = {isa = PBXBuildFile; fileRef = 0A5785DA2921E83100E92026 /* BookdeTests.swift */; };
		0A5785E52921E83200E92026 /* BookdeUITests.swift in Sources */ = {isa = PBXBuildFile; fileRef = 0A5785E42921E83200E92026 /* BookdeUITests.swift */; };
		0A5785E72921E83200E92026 /* BookdeUITestsLaunchTests.swift in Sources */ = {isa = PBXBuildFile; fileRef = 0A5785E62921E83200E92026 /* BookdeUITestsLaunchTests.swift */; };
		0A5785F52921E87200E92026 /* LoginScreen.swift in Sources */ = {isa = PBXBuildFile; fileRef = 0A5785F42921E87200E92026 /* LoginScreen.swift */; };
		0A5785F92921FBC400E92026 /* NewFeedScreen.swift in Sources */ = {isa = PBXBuildFile; fileRef = 0A5785F82921FBC400E92026 /* NewFeedScreen.swift */; };
		0A5785FB2921FFE400E92026 /* NewFeedView.swift in Sources */ = {isa = PBXBuildFile; fileRef = 0A5785FA2921FFE400E92026 /* NewFeedView.swift */; };
		0A5785FE2922222C00E92026 /* landmarkData.json in Resources */ = {isa = PBXBuildFile; fileRef = 0A5785FD2922222C00E92026 /* landmarkData.json */; };
		0A5786012922229E00E92026 /* ModelData.swift in Sources */ = {isa = PBXBuildFile; fileRef = 0A5786002922229E00E92026 /* ModelData.swift */; };
		0A5786052922233000E92026 /* LandMark.swift in Sources */ = {isa = PBXBuildFile; fileRef = 0A5786042922233000E92026 /* LandMark.swift */; };
		0A578608292272D700E92026 /* DetailRentScreen.swift in Sources */ = {isa = PBXBuildFile; fileRef = 0A578607292272D700E92026 /* DetailRentScreen.swift */; };
		0A91E18829232FA10070EB69 /* PageView.swift in Sources */ = {isa = PBXBuildFile; fileRef = 0A91E18729232FA10070EB69 /* PageView.swift */; };
		0AE5CA722A3736A900685FFE /* Onboarding in Frameworks */ = {isa = PBXBuildFile; productRef = 0AE5CA712A3736A900685FFE /* Onboarding */; };
		0AE5CA772A39CB6F00685FFE /* DBLocalNetwork.swift in Sources */ = {isa = PBXBuildFile; fileRef = 0AE5CA762A39CB6F00685FFE /* DBLocalNetwork.swift */; };
/* End PBXBuildFile section */

/* Begin PBXContainerItemProxy section */
		0A5785D72921E83100E92026 /* PBXContainerItemProxy */ = {
			isa = PBXContainerItemProxy;
			containerPortal = 0A5785BE2921E83000E92026 /* Project object */;
			proxyType = 1;
			remoteGlobalIDString = 0A5785C52921E83000E92026;
			remoteInfo = Bookde;
		};
		0A5785E12921E83200E92026 /* PBXContainerItemProxy */ = {
			isa = PBXContainerItemProxy;
			containerPortal = 0A5785BE2921E83000E92026 /* Project object */;
			proxyType = 1;
			remoteGlobalIDString = 0A5785C52921E83000E92026;
			remoteInfo = Bookde;
		};
/* End PBXContainerItemProxy section */

/* Begin PBXFileReference section */
		0A00553A2924E5CE00802F40 /* User.swift */ = {isa = PBXFileReference; lastKnownFileType = sourcecode.swift; path = User.swift; sourceTree = "<group>"; };
		0A5785C62921E83000E92026 /* Bookde.app */ = {isa = PBXFileReference; explicitFileType = wrapper.application; includeInIndex = 0; path = Bookde.app; sourceTree = BUILT_PRODUCTS_DIR; };
		0A5785C92921E83000E92026 /* BookdeApp.swift */ = {isa = PBXFileReference; lastKnownFileType = sourcecode.swift; path = BookdeApp.swift; sourceTree = "<group>"; };
		0A5785CB2921E83000E92026 /* ContentView.swift */ = {isa = PBXFileReference; lastKnownFileType = sourcecode.swift; path = ContentView.swift; sourceTree = "<group>"; };
		0A5785CD2921E83100E92026 /* Assets.xcassets */ = {isa = PBXFileReference; lastKnownFileType = folder.assetcatalog; path = Assets.xcassets; sourceTree = "<group>"; };
		0A5785D02921E83100E92026 /* Preview Assets.xcassets */ = {isa = PBXFileReference; lastKnownFileType = folder.assetcatalog; path = "Preview Assets.xcassets"; sourceTree = "<group>"; };
		0A5785D62921E83100E92026 /* BookdeTests.xctest */ = {isa = PBXFileReference; explicitFileType = wrapper.cfbundle; includeInIndex = 0; path = BookdeTests.xctest; sourceTree = BUILT_PRODUCTS_DIR; };
		0A5785DA2921E83100E92026 /* BookdeTests.swift */ = {isa = PBXFileReference; lastKnownFileType = sourcecode.swift; path = BookdeTests.swift; sourceTree = "<group>"; };
		0A5785E02921E83200E92026 /* BookdeUITests.xctest */ = {isa = PBXFileReference; explicitFileType = wrapper.cfbundle; includeInIndex = 0; path = BookdeUITests.xctest; sourceTree = BUILT_PRODUCTS_DIR; };
		0A5785E42921E83200E92026 /* BookdeUITests.swift */ = {isa = PBXFileReference; lastKnownFileType = sourcecode.swift; path = BookdeUITests.swift; sourceTree = "<group>"; };
		0A5785E62921E83200E92026 /* BookdeUITestsLaunchTests.swift */ = {isa = PBXFileReference; lastKnownFileType = sourcecode.swift; path = BookdeUITestsLaunchTests.swift; sourceTree = "<group>"; };
		0A5785F42921E87200E92026 /* LoginScreen.swift */ = {isa = PBXFileReference; lastKnownFileType = sourcecode.swift; path = LoginScreen.swift; sourceTree = "<group>"; };
		0A5785F82921FBC400E92026 /* NewFeedScreen.swift */ = {isa = PBXFileReference; lastKnownFileType = sourcecode.swift; path = NewFeedScreen.swift; sourceTree = "<group>"; };
		0A5785FA2921FFE400E92026 /* NewFeedView.swift */ = {isa = PBXFileReference; lastKnownFileType = sourcecode.swift; path = NewFeedView.swift; sourceTree = "<group>"; };
		0A5785FD2922222C00E92026 /* landmarkData.json */ = {isa = PBXFileReference; fileEncoding = 4; lastKnownFileType = text.json; path = landmarkData.json; sourceTree = "<group>"; };
		0A5786002922229E00E92026 /* ModelData.swift */ = {isa = PBXFileReference; lastKnownFileType = sourcecode.swift; path = ModelData.swift; sourceTree = "<group>"; };
		0A5786042922233000E92026 /* LandMark.swift */ = {isa = PBXFileReference; lastKnownFileType = sourcecode.swift; path = LandMark.swift; sourceTree = "<group>"; };
		0A578607292272D700E92026 /* DetailRentScreen.swift */ = {isa = PBXFileReference; lastKnownFileType = sourcecode.swift; path = DetailRentScreen.swift; sourceTree = "<group>"; };
		0A91E18729232FA10070EB69 /* PageView.swift */ = {isa = PBXFileReference; lastKnownFileType = sourcecode.swift; path = PageView.swift; sourceTree = "<group>"; };
		0AE5CA6F2A372E9800685FFE /* Onboarding */ = {isa = PBXFileReference; lastKnownFileType = text; path = Onboarding; sourceTree = SOURCE_ROOT; };
		0AE5CA732A3739E100685FFE /* Home */ = {isa = PBXFileReference; lastKnownFileType = text; path = Home; sourceTree = SOURCE_ROOT; };
		0AE5CA762A39CB6F00685FFE /* DBLocalNetwork.swift */ = {isa = PBXFileReference; lastKnownFileType = sourcecode.swift; path = DBLocalNetwork.swift; sourceTree = "<group>"; };
/* End PBXFileReference section */

/* Begin PBXFrameworksBuildPhase section */
		0A5785C32921E83000E92026 /* Frameworks */ = {
			isa = PBXFrameworksBuildPhase;
			buildActionMask = 2147483647;
			files = (
				0AE5CA722A3736A900685FFE /* Onboarding in Frameworks */,
			);
			runOnlyForDeploymentPostprocessing = 0;
		};
		0A5785D32921E83100E92026 /* Frameworks */ = {
			isa = PBXFrameworksBuildPhase;
			buildActionMask = 2147483647;
			files = (
			);
			runOnlyForDeploymentPostprocessing = 0;
		};
		0A5785DD2921E83200E92026 /* Frameworks */ = {
			isa = PBXFrameworksBuildPhase;
			buildActionMask = 2147483647;
			files = (
			);
			runOnlyForDeploymentPostprocessing = 0;
		};
/* End PBXFrameworksBuildPhase section */

/* Begin PBXGroup section */
		0A5785BD2921E83000E92026 = {
			isa = PBXGroup;
			children = (
				0A5785C82921E83000E92026 /* Bookde */,
				0A5785D92921E83100E92026 /* BookdeTests */,
				0A5785E32921E83200E92026 /* BookdeUITests */,
				0A5785C72921E83000E92026 /* Products */,
				0AE5CA702A3736A900685FFE /* Frameworks */,
			);
			sourceTree = "<group>";
		};
		0A5785C72921E83000E92026 /* Products */ = {
			isa = PBXGroup;
			children = (
				0A5785C62921E83000E92026 /* Bookde.app */,
				0A5785D62921E83100E92026 /* BookdeTests.xctest */,
				0A5785E02921E83200E92026 /* BookdeUITests.xctest */,
			);
			name = Products;
			sourceTree = "<group>";
		};
		0A5785C82921E83000E92026 /* Bookde */ = {
			isa = PBXGroup;
			children = (
				0A5785FC292221D400E92026 /* Resources */,
				0A5785F32921E84300E92026 /* Screens */,
				0AE5CA752A39CAD800685FFE /* Cores */,
				0A5785C92921E83000E92026 /* BookdeApp.swift */,
				0A5785CB2921E83000E92026 /* ContentView.swift */,
				0A5785CD2921E83100E92026 /* Assets.xcassets */,
				0A5785CF2921E83100E92026 /* Preview Content */,
			);
			path = Bookde;
			sourceTree = "<group>";
		};
		0A5785CF2921E83100E92026 /* Preview Content */ = {
			isa = PBXGroup;
			children = (
				0A5785D02921E83100E92026 /* Preview Assets.xcassets */,
			);
			path = "Preview Content";
			sourceTree = "<group>";
		};
		0A5785D92921E83100E92026 /* BookdeTests */ = {
			isa = PBXGroup;
			children = (
				0A5785DA2921E83100E92026 /* BookdeTests.swift */,
			);
			path = BookdeTests;
			sourceTree = "<group>";
		};
		0A5785E32921E83200E92026 /* BookdeUITests */ = {
			isa = PBXGroup;
			children = (
				0A5785E42921E83200E92026 /* BookdeUITests.swift */,
				0A5785E62921E83200E92026 /* BookdeUITestsLaunchTests.swift */,
			);
			path = BookdeUITests;
			sourceTree = "<group>";
		};
		0A5785F32921E84300E92026 /* Screens */ = {
			isa = PBXGroup;
			children = (
				0AE5CA742A37814C00685FFE /* Kit */,
				0AE5CA6F2A372E9800685FFE /* Onboarding */,
				0AE5CA732A3739E100685FFE /* Home */,
				0A91E18629232F8A0070EB69 /* Common */,
				0A5786062922724F00E92026 /* Detail */,
				0A5785FF2922226100E92026 /* ModelData */,
				0A5785F72921FBB200E92026 /* NewFeed */,
				0A5785F62921FB9C00E92026 /* LoginScreen */,
			);
			path = Screens;
			sourceTree = "<group>";
		};
		0A5785F62921FB9C00E92026 /* LoginScreen */ = {
			isa = PBXGroup;
			children = (
				0A5785F42921E87200E92026 /* LoginScreen.swift */,
			);
			path = LoginScreen;
			sourceTree = "<group>";
		};
		0A5785F72921FBB200E92026 /* NewFeed */ = {
			isa = PBXGroup;
			children = (
				0A5785F82921FBC400E92026 /* NewFeedScreen.swift */,
				0A5785FA2921FFE400E92026 /* NewFeedView.swift */,
			);
			path = NewFeed;
			sourceTree = "<group>";
		};
		0A5785FC292221D400E92026 /* Resources */ = {
			isa = PBXGroup;
			children = (
				0A5785FD2922222C00E92026 /* landmarkData.json */,
			);
			path = Resources;
			sourceTree = "<group>";
		};
		0A5785FF2922226100E92026 /* ModelData */ = {
			isa = PBXGroup;
			children = (
				0A5786002922229E00E92026 /* ModelData.swift */,
				0A5786042922233000E92026 /* LandMark.swift */,
				0A00553A2924E5CE00802F40 /* User.swift */,
			);
			path = ModelData;
			sourceTree = "<group>";
		};
		0A5786062922724F00E92026 /* Detail */ = {
			isa = PBXGroup;
			children = (
				0A578607292272D700E92026 /* DetailRentScreen.swift */,
			);
			path = Detail;
			sourceTree = "<group>";
		};
		0A91E18629232F8A0070EB69 /* Common */ = {
			isa = PBXGroup;
			children = (
				0A91E18729232FA10070EB69 /* PageView.swift */,
			);
			path = Common;
			sourceTree = "<group>";
		};
		0AE5CA702A3736A900685FFE /* Frameworks */ = {
			isa = PBXGroup;
			children = (
			);
			name = Frameworks;
			sourceTree = "<group>";
		};
		0AE5CA742A37814C00685FFE /* Kit */ = {
			isa = PBXGroup;
			children = (
			);
			path = Kit;
			sourceTree = "<group>";
		};
		0AE5CA752A39CAD800685FFE /* Cores */ = {
			isa = PBXGroup;
			children = (
				0AE5CA762A39CB6F00685FFE /* DBLocalNetwork.swift */,
			);
			path = Cores;
			sourceTree = "<group>";
		};
/* End PBXGroup section */

/* Begin PBXNativeTarget section */
		0A5785C52921E83000E92026 /* Bookde */ = {
			isa = PBXNativeTarget;
			buildConfigurationList = 0A5785EA2921E83200E92026 /* Build configuration list for PBXNativeTarget "Bookde" */;
			buildPhases = (
				0A5785C22921E83000E92026 /* Sources */,
				0A5785C32921E83000E92026 /* Frameworks */,
				0A5785C42921E83000E92026 /* Resources */,
			);
			buildRules = (
			);
			dependencies = (
			);
			name = Bookde;
			packageProductDependencies = (
				0AE5CA712A3736A900685FFE /* Onboarding */,
			);
			productName = Bookde;
			productReference = 0A5785C62921E83000E92026 /* Bookde.app */;
			productType = "com.apple.product-type.application";
		};
		0A5785D52921E83100E92026 /* BookdeTests */ = {
			isa = PBXNativeTarget;
			buildConfigurationList = 0A5785ED2921E83200E92026 /* Build configuration list for PBXNativeTarget "BookdeTests" */;
			buildPhases = (
				0A5785D22921E83100E92026 /* Sources */,
				0A5785D32921E83100E92026 /* Frameworks */,
				0A5785D42921E83100E92026 /* Resources */,
			);
			buildRules = (
			);
			dependencies = (
				0A5785D82921E83100E92026 /* PBXTargetDependency */,
			);
			name = BookdeTests;
			productName = BookdeTests;
			productReference = 0A5785D62921E83100E92026 /* BookdeTests.xctest */;
			productType = "com.apple.product-type.bundle.unit-test";
		};
		0A5785DF2921E83200E92026 /* BookdeUITests */ = {
			isa = PBXNativeTarget;
			buildConfigurationList = 0A5785F02921E83200E92026 /* Build configuration list for PBXNativeTarget "BookdeUITests" */;
			buildPhases = (
				0A5785DC2921E83200E92026 /* Sources */,
				0A5785DD2921E83200E92026 /* Frameworks */,
				0A5785DE2921E83200E92026 /* Resources */,
			);
			buildRules = (
			);
			dependencies = (
				0A5785E22921E83200E92026 /* PBXTargetDependency */,
			);
			name = BookdeUITests;
			productName = BookdeUITests;
			productReference = 0A5785E02921E83200E92026 /* BookdeUITests.xctest */;
			productType = "com.apple.product-type.bundle.ui-testing";
		};
/* End PBXNativeTarget section */

/* Begin PBXProject section */
		0A5785BE2921E83000E92026 /* Project object */ = {
			isa = PBXProject;
			attributes = {
				BuildIndependentTargetsInParallel = 1;
				LastSwiftUpdateCheck = 1400;
				LastUpgradeCheck = 1400;
				TargetAttributes = {
					0A5785C52921E83000E92026 = {
						CreatedOnToolsVersion = 14.0.1;
					};
					0A5785D52921E83100E92026 = {
						CreatedOnToolsVersion = 14.0.1;
						TestTargetID = 0A5785C52921E83000E92026;
					};
					0A5785DF2921E83200E92026 = {
						CreatedOnToolsVersion = 14.0.1;
						TestTargetID = 0A5785C52921E83000E92026;
					};
				};
			};
			buildConfigurationList = 0A5785C12921E83000E92026 /* Build configuration list for PBXProject "Bookde" */;
			compatibilityVersion = "Xcode 14.0";
			developmentRegion = en;
			hasScannedForEncodings = 0;
			knownRegions = (
				en,
				Base,
			);
			mainGroup = 0A5785BD2921E83000E92026;
			productRefGroup = 0A5785C72921E83000E92026 /* Products */;
			projectDirPath = "";
			projectRoot = "";
			targets = (
				0A5785C52921E83000E92026 /* Bookde */,
				0A5785D52921E83100E92026 /* BookdeTests */,
				0A5785DF2921E83200E92026 /* BookdeUITests */,
			);
		};
/* End PBXProject section */

/* Begin PBXResourcesBuildPhase section */
		0A5785C42921E83000E92026 /* Resources */ = {
			isa = PBXResourcesBuildPhase;
			buildActionMask = 2147483647;
			files = (
				0A5785D12921E83100E92026 /* Preview Assets.xcassets in Resources */,
				0A5785CE2921E83100E92026 /* Assets.xcassets in Resources */,
				0A5785FE2922222C00E92026 /* landmarkData.json in Resources */,
			);
			runOnlyForDeploymentPostprocessing = 0;
		};
		0A5785D42921E83100E92026 /* Resources */ = {
			isa = PBXResourcesBuildPhase;
			buildActionMask = 2147483647;
			files = (
			);
			runOnlyForDeploymentPostprocessing = 0;
		};
		0A5785DE2921E83200E92026 /* Resources */ = {
			isa = PBXResourcesBuildPhase;
			buildActionMask = 2147483647;
			files = (
			);
			runOnlyForDeploymentPostprocessing = 0;
		};
/* End PBXResourcesBuildPhase section */

/* Begin PBXSourcesBuildPhase section */
		0A5785C22921E83000E92026 /* Sources */ = {
			isa = PBXSourcesBuildPhase;
			buildActionMask = 2147483647;
			files = (
				0A5785F92921FBC400E92026 /* NewFeedScreen.swift in Sources */,
				0A5785CC2921E83000E92026 /* ContentView.swift in Sources */,
				0A5785CA2921E83000E92026 /* BookdeApp.swift in Sources */,
				0A5785FB2921FFE400E92026 /* NewFeedView.swift in Sources */,
				0A5785F52921E87200E92026 /* LoginScreen.swift in Sources */,
				0A578608292272D700E92026 /* DetailRentScreen.swift in Sources */,
				0AE5CA772A39CB6F00685FFE /* DBLocalNetwork.swift in Sources */,
				0A5786012922229E00E92026 /* ModelData.swift in Sources */,
				0A91E18829232FA10070EB69 /* PageView.swift in Sources */,
				0A00553B2924E5CF00802F40 /* User.swift in Sources */,
				0A5786052922233000E92026 /* LandMark.swift in Sources */,
			);
			runOnlyForDeploymentPostprocessing = 0;
		};
		0A5785D22921E83100E92026 /* Sources */ = {
			isa = PBXSourcesBuildPhase;
			buildActionMask = 2147483647;
			files = (
				0A5785DB2921E83100E92026 /* BookdeTests.swift in Sources */,
			);
			runOnlyForDeploymentPostprocessing = 0;
		};
		0A5785DC2921E83200E92026 /* Sources */ = {
			isa = PBXSourcesBuildPhase;
			buildActionMask = 2147483647;
			files = (
				0A5785E72921E83200E92026 /* BookdeUITestsLaunchTests.swift in Sources */,
				0A5785E52921E83200E92026 /* BookdeUITests.swift in Sources */,
			);
			runOnlyForDeploymentPostprocessing = 0;
		};
/* End PBXSourcesBuildPhase section */

/* Begin PBXTargetDependency section */
		0A5785D82921E83100E92026 /* PBXTargetDependency */ = {
			isa = PBXTargetDependency;
			target = 0A5785C52921E83000E92026 /* Bookde */;
			targetProxy = 0A5785D72921E83100E92026 /* PBXContainerItemProxy */;
		};
		0A5785E22921E83200E92026 /* PBXTargetDependency */ = {
			isa = PBXTargetDependency;
			target = 0A5785C52921E83000E92026 /* Bookde */;
			targetProxy = 0A5785E12921E83200E92026 /* PBXContainerItemProxy */;
		};
/* End PBXTargetDependency section */

/* Begin XCBuildConfiguration section */
		0A5785E82921E83200E92026 /* Debug */ = {
			isa = XCBuildConfiguration;
			buildSettings = {
				ALWAYS_SEARCH_USER_PATHS = NO;
				CLANG_ANALYZER_NONNULL = YES;
				CLANG_ANALYZER_NUMBER_OBJECT_CONVERSION = YES_AGGRESSIVE;
				CLANG_CXX_LANGUAGE_STANDARD = "gnu++20";
				CLANG_ENABLE_MODULES = YES;
				CLANG_ENABLE_OBJC_ARC = YES;
				CLANG_ENABLE_OBJC_WEAK = YES;
				CLANG_WARN_BLOCK_CAPTURE_AUTORELEASING = YES;
				CLANG_WARN_BOOL_CONVERSION = YES;
				CLANG_WARN_COMMA = YES;
				CLANG_WARN_CONSTANT_CONVERSION = YES;
				CLANG_WARN_DEPRECATED_OBJC_IMPLEMENTATIONS = YES;
				CLANG_WARN_DIRECT_OBJC_ISA_USAGE = YES_ERROR;
				CLANG_WARN_DOCUMENTATION_COMMENTS = YES;
				CLANG_WARN_EMPTY_BODY = YES;
				CLANG_WARN_ENUM_CONVERSION = YES;
				CLANG_WARN_INFINITE_RECURSION = YES;
				CLANG_WARN_INT_CONVERSION = YES;
				CLANG_WARN_NON_LITERAL_NULL_CONVERSION = YES;
				CLANG_WARN_OBJC_IMPLICIT_RETAIN_SELF = YES;
				CLANG_WARN_OBJC_LITERAL_CONVERSION = YES;
				CLANG_WARN_OBJC_ROOT_CLASS = YES_ERROR;
				CLANG_WARN_QUOTED_INCLUDE_IN_FRAMEWORK_HEADER = YES;
				CLANG_WARN_RANGE_LOOP_ANALYSIS = YES;
				CLANG_WARN_STRICT_PROTOTYPES = YES;
				CLANG_WARN_SUSPICIOUS_MOVE = YES;
				CLANG_WARN_UNGUARDED_AVAILABILITY = YES_AGGRESSIVE;
				CLANG_WARN_UNREACHABLE_CODE = YES;
				CLANG_WARN__DUPLICATE_METHOD_MATCH = YES;
				COPY_PHASE_STRIP = NO;
				DEBUG_INFORMATION_FORMAT = dwarf;
				ENABLE_STRICT_OBJC_MSGSEND = YES;
				ENABLE_TESTABILITY = YES;
				GCC_C_LANGUAGE_STANDARD = gnu11;
				GCC_DYNAMIC_NO_PIC = NO;
				GCC_NO_COMMON_BLOCKS = YES;
				GCC_OPTIMIZATION_LEVEL = 0;
				GCC_PREPROCESSOR_DEFINITIONS = (
					"DEBUG=1",
					"$(inherited)",
				);
				GCC_WARN_64_TO_32_BIT_CONVERSION = YES;
				GCC_WARN_ABOUT_RETURN_TYPE = YES_ERROR;
				GCC_WARN_UNDECLARED_SELECTOR = YES;
				GCC_WARN_UNINITIALIZED_AUTOS = YES_AGGRESSIVE;
				GCC_WARN_UNUSED_FUNCTION = YES;
				GCC_WARN_UNUSED_VARIABLE = YES;
				IPHONEOS_DEPLOYMENT_TARGET = 16.0;
				MTL_ENABLE_DEBUG_INFO = INCLUDE_SOURCE;
				MTL_FAST_MATH = YES;
				ONLY_ACTIVE_ARCH = YES;
				SDKROOT = iphoneos;
				SWIFT_ACTIVE_COMPILATION_CONDITIONS = DEBUG;
				SWIFT_OPTIMIZATION_LEVEL = "-Onone";
			};
			name = Debug;
		};
		0A5785E92921E83200E92026 /* Release */ = {
			isa = XCBuildConfiguration;
			buildSettings = {
				ALWAYS_SEARCH_USER_PATHS = NO;
				CLANG_ANALYZER_NONNULL = YES;
				CLANG_ANALYZER_NUMBER_OBJECT_CONVERSION = YES_AGGRESSIVE;
				CLANG_CXX_LANGUAGE_STANDARD = "gnu++20";
				CLANG_ENABLE_MODULES = YES;
				CLANG_ENABLE_OBJC_ARC = YES;
				CLANG_ENABLE_OBJC_WEAK = YES;
				CLANG_WARN_BLOCK_CAPTURE_AUTORELEASING = YES;
				CLANG_WARN_BOOL_CONVERSION = YES;
				CLANG_WARN_COMMA = YES;
				CLANG_WARN_CONSTANT_CONVERSION = YES;
				CLANG_WARN_DEPRECATED_OBJC_IMPLEMENTATIONS = YES;
				CLANG_WARN_DIRECT_OBJC_ISA_USAGE = YES_ERROR;
				CLANG_WARN_DOCUMENTATION_COMMENTS = YES;
				CLANG_WARN_EMPTY_BODY = YES;
				CLANG_WARN_ENUM_CONVERSION = YES;
				CLANG_WARN_INFINITE_RECURSION = YES;
				CLANG_WARN_INT_CONVERSION = YES;
				CLANG_WARN_NON_LITERAL_NULL_CONVERSION = YES;
				CLANG_WARN_OBJC_IMPLICIT_RETAIN_SELF = YES;
				CLANG_WARN_OBJC_LITERAL_CONVERSION = YES;
				CLANG_WARN_OBJC_ROOT_CLASS = YES_ERROR;
				CLANG_WARN_QUOTED_INCLUDE_IN_FRAMEWORK_HEADER = YES;
				CLANG_WARN_RANGE_LOOP_ANALYSIS = YES;
				CLANG_WARN_STRICT_PROTOTYPES = YES;
				CLANG_WARN_SUSPICIOUS_MOVE = YES;
				CLANG_WARN_UNGUARDED_AVAILABILITY = YES_AGGRESSIVE;
				CLANG_WARN_UNREACHABLE_CODE = YES;
				CLANG_WARN__DUPLICATE_METHOD_MATCH = YES;
				COPY_PHASE_STRIP = NO;
				DEBUG_INFORMATION_FORMAT = "dwarf-with-dsym";
				ENABLE_NS_ASSERTIONS = NO;
				ENABLE_STRICT_OBJC_MSGSEND = YES;
				GCC_C_LANGUAGE_STANDARD = gnu11;
				GCC_NO_COMMON_BLOCKS = YES;
				GCC_WARN_64_TO_32_BIT_CONVERSION = YES;
				GCC_WARN_ABOUT_RETURN_TYPE = YES_ERROR;
				GCC_WARN_UNDECLARED_SELECTOR = YES;
				GCC_WARN_UNINITIALIZED_AUTOS = YES_AGGRESSIVE;
				GCC_WARN_UNUSED_FUNCTION = YES;
				GCC_WARN_UNUSED_VARIABLE = YES;
				IPHONEOS_DEPLOYMENT_TARGET = 16.0;
				MTL_ENABLE_DEBUG_INFO = NO;
				MTL_FAST_MATH = YES;
				SDKROOT = iphoneos;
				SWIFT_COMPILATION_MODE = wholemodule;
				SWIFT_OPTIMIZATION_LEVEL = "-O";
				VALIDATE_PRODUCT = YES;
			};
			name = Release;
		};
		0A5785EB2921E83200E92026 /* Debug */ = {
			isa = XCBuildConfiguration;
			buildSettings = {
				ASSETCATALOG_COMPILER_APPICON_NAME = AppIcon;
				ASSETCATALOG_COMPILER_GLOBAL_ACCENT_COLOR_NAME = AccentColor;
				CODE_SIGN_STYLE = Automatic;
				CURRENT_PROJECT_VERSION = 1;
				DEVELOPMENT_ASSET_PATHS = "\"Bookde/Preview Content\"";
				DEVELOPMENT_TEAM = PBBT599Q77;
				ENABLE_PREVIEWS = YES;
				GENERATE_INFOPLIST_FILE = YES;
				INFOPLIST_KEY_UIApplicationSceneManifest_Generation = YES;
				INFOPLIST_KEY_UIApplicationSupportsIndirectInputEvents = YES;
				INFOPLIST_KEY_UILaunchScreen_Generation = YES;
				INFOPLIST_KEY_UISupportedInterfaceOrientations_iPad = "UIInterfaceOrientationPortrait UIInterfaceOrientationPortraitUpsideDown UIInterfaceOrientationLandscapeLeft UIInterfaceOrientationLandscapeRight";
				INFOPLIST_KEY_UISupportedInterfaceOrientations_iPhone = "UIInterfaceOrientationPortrait UIInterfaceOrientationLandscapeLeft UIInterfaceOrientationLandscapeRight";
				LD_RUNPATH_SEARCH_PATHS = (
					"$(inherited)",
					"@executable_path/Frameworks",
				);
				MARKETING_VERSION = 1.0;
				PRODUCT_BUNDLE_IDENTIFIER = kevin.Bookde;
				PRODUCT_NAME = "$(TARGET_NAME)";
				SWIFT_EMIT_LOC_STRINGS = YES;
				SWIFT_VERSION = 5.0;
				TARGETED_DEVICE_FAMILY = "1,2";
			};
			name = Debug;
		};
		0A5785EC2921E83200E92026 /* Release */ = {
			isa = XCBuildConfiguration;
			buildSettings = {
				ASSETCATALOG_COMPILER_APPICON_NAME = AppIcon;
				ASSETCATALOG_COMPILER_GLOBAL_ACCENT_COLOR_NAME = AccentColor;
				CODE_SIGN_STYLE = Automatic;
				CURRENT_PROJECT_VERSION = 1;
				DEVELOPMENT_ASSET_PATHS = "\"Bookde/Preview Content\"";
				DEVELOPMENT_TEAM = PBBT599Q77;
				ENABLE_PREVIEWS = YES;
				GENERATE_INFOPLIST_FILE = YES;
				INFOPLIST_KEY_UIApplicationSceneManifest_Generation = YES;
				INFOPLIST_KEY_UIApplicationSupportsIndirectInputEvents = YES;
				INFOPLIST_KEY_UILaunchScreen_Generation = YES;
				INFOPLIST_KEY_UISupportedInterfaceOrientations_iPad = "UIInterfaceOrientationPortrait UIInterfaceOrientationPortraitUpsideDown UIInterfaceOrientationLandscapeLeft UIInterfaceOrientationLandscapeRight";
				INFOPLIST_KEY_UISupportedInterfaceOrientations_iPhone = "UIInterfaceOrientationPortrait UIInterfaceOrientationLandscapeLeft UIInterfaceOrientationLandscapeRight";
				LD_RUNPATH_SEARCH_PATHS = (
					"$(inherited)",
					"@executable_path/Frameworks",
				);
				MARKETING_VERSION = 1.0;
				PRODUCT_BUNDLE_IDENTIFIER = kevin.Bookde;
				PRODUCT_NAME = "$(TARGET_NAME)";
				SWIFT_EMIT_LOC_STRINGS = YES;
				SWIFT_VERSION = 5.0;
				TARGETED_DEVICE_FAMILY = "1,2";
			};
			name = Release;
		};
		0A5785EE2921E83200E92026 /* Debug */ = {
			isa = XCBuildConfiguration;
			buildSettings = {
				ALWAYS_EMBED_SWIFT_STANDARD_LIBRARIES = YES;
				BUNDLE_LOADER = "$(TEST_HOST)";
				CODE_SIGN_STYLE = Automatic;
				CURRENT_PROJECT_VERSION = 1;
				DEVELOPMENT_TEAM = PBBT599Q77;
				GENERATE_INFOPLIST_FILE = YES;
				IPHONEOS_DEPLOYMENT_TARGET = 16.0;
				MARKETING_VERSION = 1.0;
				PRODUCT_BUNDLE_IDENTIFIER = kevin.BookdeTests;
				PRODUCT_NAME = "$(TARGET_NAME)";
				SWIFT_EMIT_LOC_STRINGS = NO;
				SWIFT_VERSION = 5.0;
				TARGETED_DEVICE_FAMILY = "1,2";
				TEST_HOST = "$(BUILT_PRODUCTS_DIR)/Bookde.app/$(BUNDLE_EXECUTABLE_FOLDER_PATH)/Bookde";
			};
			name = Debug;
		};
		0A5785EF2921E83200E92026 /* Release */ = {
			isa = XCBuildConfiguration;
			buildSettings = {
				ALWAYS_EMBED_SWIFT_STANDARD_LIBRARIES = YES;
				BUNDLE_LOADER = "$(TEST_HOST)";
				CODE_SIGN_STYLE = Automatic;
				CURRENT_PROJECT_VERSION = 1;
				DEVELOPMENT_TEAM = PBBT599Q77;
				GENERATE_INFOPLIST_FILE = YES;
				IPHONEOS_DEPLOYMENT_TARGET = 16.0;
				MARKETING_VERSION = 1.0;
				PRODUCT_BUNDLE_IDENTIFIER = kevin.BookdeTests;
				PRODUCT_NAME = "$(TARGET_NAME)";
				SWIFT_EMIT_LOC_STRINGS = NO;
				SWIFT_VERSION = 5.0;
				TARGETED_DEVICE_FAMILY = "1,2";
				TEST_HOST = "$(BUILT_PRODUCTS_DIR)/Bookde.app/$(BUNDLE_EXECUTABLE_FOLDER_PATH)/Bookde";
			};
			name = Release;
		};
		0A5785F12921E83200E92026 /* Debug */ = {
			isa = XCBuildConfiguration;
			buildSettings = {
				ALWAYS_EMBED_SWIFT_STANDARD_LIBRARIES = YES;
				CODE_SIGN_STYLE = Automatic;
				CURRENT_PROJECT_VERSION = 1;
				DEVELOPMENT_TEAM = PBBT599Q77;
				GENERATE_INFOPLIST_FILE = YES;
				MARKETING_VERSION = 1.0;
				PRODUCT_BUNDLE_IDENTIFIER = kevin.BookdeUITests;
				PRODUCT_NAME = "$(TARGET_NAME)";
				SWIFT_EMIT_LOC_STRINGS = NO;
				SWIFT_VERSION = 5.0;
				TARGETED_DEVICE_FAMILY = "1,2";
				TEST_TARGET_NAME = Bookde;
			};
			name = Debug;
		};
		0A5785F22921E83200E92026 /* Release */ = {
			isa = XCBuildConfiguration;
			buildSettings = {
				ALWAYS_EMBED_SWIFT_STANDARD_LIBRARIES = YES;
				CODE_SIGN_STYLE = Automatic;
				CURRENT_PROJECT_VERSION = 1;
				DEVELOPMENT_TEAM = PBBT599Q77;
				GENERATE_INFOPLIST_FILE = YES;
				MARKETING_VERSION = 1.0;
				PRODUCT_BUNDLE_IDENTIFIER = kevin.BookdeUITests;
				PRODUCT_NAME = "$(TARGET_NAME)";
				SWIFT_EMIT_LOC_STRINGS = NO;
				SWIFT_VERSION = 5.0;
				TARGETED_DEVICE_FAMILY = "1,2";
				TEST_TARGET_NAME = Bookde;
			};
			name = Release;
		};
/* End XCBuildConfiguration section */

/* Begin XCConfigurationList section */
		0A5785C12921E83000E92026 /* Build configuration list for PBXProject "Bookde" */ = {
			isa = XCConfigurationList;
			buildConfigurations = (
				0A5785E82921E83200E92026 /* Debug */,
				0A5785E92921E83200E92026 /* Release */,
			);
			defaultConfigurationIsVisible = 0;
			defaultConfigurationName = Release;
		};
		0A5785EA2921E83200E92026 /* Build configuration list for PBXNativeTarget "Bookde" */ = {
			isa = XCConfigurationList;
			buildConfigurations = (
				0A5785EB2921E83200E92026 /* Debug */,
				0A5785EC2921E83200E92026 /* Release */,
			);
			defaultConfigurationIsVisible = 0;
			defaultConfigurationName = Release;
		};
		0A5785ED2921E83200E92026 /* Build configuration list for PBXNativeTarget "BookdeTests" */ = {
			isa = XCConfigurationList;
			buildConfigurations = (
				0A5785EE2921E83200E92026 /* Debug */,
				0A5785EF2921E83200E92026 /* Release */,
			);
			defaultConfigurationIsVisible = 0;
			defaultConfigurationName = Release;
		};
		0A5785F02921E83200E92026 /* Build configuration list for PBXNativeTarget "BookdeUITests" */ = {
			isa = XCConfigurationList;
			buildConfigurations = (
				0A5785F12921E83200E92026 /* Debug */,
				0A5785F22921E83200E92026 /* Release */,
			);
			defaultConfigurationIsVisible = 0;
			defaultConfigurationName = Release;
		};
/* End XCConfigurationList section */

/* Begin XCSwiftPackageProductDependency section */
		0AE5CA712A3736A900685FFE /* Onboarding */ = {
			isa = XCSwiftPackageProductDependency;
			productName = Onboarding;
		};
/* End XCSwiftPackageProductDependency section */
	};
	rootObject = 0A5785BE2921E83000E92026 /* Project object */;
}
